{
  "version": 4,
  "terraform_version": "1.7.4",
  "serial": 662,
  "lineage": "d8eef7eb-370d-5d68-40e2-e995e6703d07",
  "outputs": {
    "instances": {
      "value": [
        "i-083e2c947fef2a622",
        "i-019466b370dc59829",
        "i-031834035c16b4cf4",
        "i-01c5ad8c6e1d863b6"
      ],
      "type": [
        "tuple",
        [
          "string",
          "string",
          "string",
          "string"
        ]
      ]
    }
  },
  "resources": [
    {
      "module": "module.ami",
      "mode": "managed",
      "type": "aws_ami_from_instance",
      "name": "auth-machine-image",
      "provider": "provider[\"registry.terraform.io/hashicorp/aws\"]",
      "instances": [
        {
          "schema_version": 0,
          "attributes": {
            "architecture": "x86_64",
            "arn": "arn:aws:ec2:eu-west-2::image/ami-00fbe2a0c854f90f4",
            "boot_mode": "uefi-preferred",
            "deprecation_time": "",
            "description": "",
            "ebs_block_device": [
              {
                "delete_on_termination": true,
                "device_name": "/dev/sda1",
                "encrypted": false,
                "iops": 0,
                "outpost_arn": "",
                "snapshot_id": "snap-084784d422ca369ee",
                "throughput": 0,
                "volume_size": 8,
                "volume_type": "gp2"
              }
            ],
            "ena_support": true,
            "ephemeral_block_device": [
              {
                "device_name": "/dev/sdb",
                "virtual_name": "ephemeral0"
              },
              {
                "device_name": "/dev/sdc",
                "virtual_name": "ephemeral1"
              }
            ],
            "hypervisor": "xen",
            "id": "ami-00fbe2a0c854f90f4",
            "image_location": "058264358506/auth-machine-image",
            "image_owner_alias": "",
            "image_type": "machine",
            "imds_support": "",
            "kernel_id": "",
            "manage_ebs_snapshots": true,
            "name": "auth-machine-image",
            "owner_id": "058264358506",
            "platform": "",
            "platform_details": "Linux/UNIX",
            "public": false,
            "ramdisk_id": "",
            "root_device_name": "/dev/sda1",
            "root_snapshot_id": "snap-084784d422ca369ee",
            "snapshot_without_reboot": null,
            "source_instance_id": "i-083e2c947fef2a622",
            "sriov_net_support": "simple",
            "tags": null,
            "tags_all": {},
            "timeouts": null,
            "tpm_support": "",
            "usage_operation": "RunInstances",
            "virtualization_type": "hvm"
          },
          "sensitive_attributes": [],
          "private": "eyJlMmJmYjczMC1lY2FhLTExZTYtOGY4OC0zNDM2M2JjN2M0YzAiOnsiY3JlYXRlIjoyNDAwMDAwMDAwMDAwLCJkZWxldGUiOjU0MDAwMDAwMDAwMDAsInVwZGF0ZSI6MjQwMDAwMDAwMDAwMH19",
          "dependencies": [
            "module.instance.aws_instance.auth",
            "module.instance.data.aws_ami.ubuntu",
            "module.security.aws_security_group.allow_3000",
            "module.security.aws_security_group.allow_http",
            "module.security.aws_security_group.allow_https",
            "module.security.aws_security_group.allow_ssh",
            "module.security.data.http.my_ip",
            "module.vpc.aws_subnet.private_subnets",
            "module.vpc.aws_vpc.johans-vpc"
          ]
        }
      ]
    },
    {
      "module": "module.ami",
      "mode": "managed",
      "type": "aws_ami_from_instance",
      "name": "heating-machine-image",
      "provider": "provider[\"registry.terraform.io/hashicorp/aws\"]",
      "instances": [
        {
          "schema_version": 0,
          "attributes": {
            "architecture": "x86_64",
            "arn": "arn:aws:ec2:eu-west-2::image/ami-0e69e918cc18d3269",
            "boot_mode": "uefi-preferred",
            "deprecation_time": "",
            "description": "",
            "ebs_block_device": [
              {
                "delete_on_termination": true,
                "device_name": "/dev/sda1",
                "encrypted": false,
                "iops": 0,
                "outpost_arn": "",
                "snapshot_id": "snap-0cfd65532988909b7",
                "throughput": 0,
                "volume_size": 8,
                "volume_type": "gp2"
              }
            ],
            "ena_support": true,
            "ephemeral_block_device": [
              {
                "device_name": "/dev/sdb",
                "virtual_name": "ephemeral0"
              },
              {
                "device_name": "/dev/sdc",
                "virtual_name": "ephemeral1"
              }
            ],
            "hypervisor": "xen",
            "id": "ami-0e69e918cc18d3269",
            "image_location": "058264358506/heating-machine-image",
            "image_owner_alias": "",
            "image_type": "machine",
            "imds_support": "",
            "kernel_id": "",
            "manage_ebs_snapshots": true,
            "name": "heating-machine-image",
            "owner_id": "058264358506",
            "platform": "",
            "platform_details": "Linux/UNIX",
            "public": false,
            "ramdisk_id": "",
            "root_device_name": "/dev/sda1",
            "root_snapshot_id": "snap-0cfd65532988909b7",
            "snapshot_without_reboot": null,
            "source_instance_id": "i-019466b370dc59829",
            "sriov_net_support": "simple",
            "tags": null,
            "tags_all": {},
            "timeouts": null,
            "tpm_support": "",
            "usage_operation": "RunInstances",
            "virtualization_type": "hvm"
          },
          "sensitive_attributes": [],
          "private": "eyJlMmJmYjczMC1lY2FhLTExZTYtOGY4OC0zNDM2M2JjN2M0YzAiOnsiY3JlYXRlIjoyNDAwMDAwMDAwMDAwLCJkZWxldGUiOjU0MDAwMDAwMDAwMDAsInVwZGF0ZSI6MjQwMDAwMDAwMDAwMH19",
          "dependencies": [
            "module.instance.aws_instance.heating",
            "module.instance.data.aws_ami.ubuntu",
            "module.security.aws_security_group.allow_3000",
            "module.security.aws_security_group.allow_http",
            "module.security.aws_security_group.allow_https",
            "module.security.aws_security_group.allow_ssh",
            "module.security.data.http.my_ip",
            "module.vpc.aws_subnet.public_subnets",
            "module.vpc.aws_vpc.johans-vpc"
          ]
        }
      ]
    },
    {
      "module": "module.ami",
      "mode": "managed",
      "type": "aws_ami_from_instance",
      "name": "lighting-machine-image",
      "provider": "provider[\"registry.terraform.io/hashicorp/aws\"]",
      "instances": [
        {
          "schema_version": 0,
          "attributes": {
            "architecture": "x86_64",
            "arn": "arn:aws:ec2:eu-west-2::image/ami-02d3c7eba9ebe2124",
            "boot_mode": "uefi-preferred",
            "deprecation_time": "",
            "description": "",
            "ebs_block_device": [
              {
                "delete_on_termination": true,
                "device_name": "/dev/sda1",
                "encrypted": false,
                "iops": 0,
                "outpost_arn": "",
                "snapshot_id": "snap-0a4d6c0f4f7d0e3e0",
                "throughput": 0,
                "volume_size": 8,
                "volume_type": "gp2"
              }
            ],
            "ena_support": true,
            "ephemeral_block_device": [
              {
                "device_name": "/dev/sdb",
                "virtual_name": "ephemeral0"
              },
              {
                "device_name": "/dev/sdc",
                "virtual_name": "ephemeral1"
              }
            ],
            "hypervisor": "xen",
            "id": "ami-02d3c7eba9ebe2124",
            "image_location": "058264358506/lighting-machine-image",
            "image_owner_alias": "",
            "image_type": "machine",
            "imds_support": "",
            "kernel_id": "",
            "manage_ebs_snapshots": true,
            "name": "lighting-machine-image",
            "owner_id": "058264358506",
            "platform": "",
            "platform_details": "Linux/UNIX",
            "public": false,
            "ramdisk_id": "",
            "root_device_name": "/dev/sda1",
            "root_snapshot_id": "snap-0a4d6c0f4f7d0e3e0",
            "snapshot_without_reboot": null,
            "source_instance_id": "i-031834035c16b4cf4",
            "sriov_net_support": "simple",
            "tags": null,
            "tags_all": {},
            "timeouts": null,
            "tpm_support": "",
            "usage_operation": "RunInstances",
            "virtualization_type": "hvm"
          },
          "sensitive_attributes": [],
          "private": "eyJlMmJmYjczMC1lY2FhLTExZTYtOGY4OC0zNDM2M2JjN2M0YzAiOnsiY3JlYXRlIjoyNDAwMDAwMDAwMDAwLCJkZWxldGUiOjU0MDAwMDAwMDAwMDAsInVwZGF0ZSI6MjQwMDAwMDAwMDAwMH19",
          "dependencies": [
            "module.instance.aws_instance.lighting",
            "module.instance.data.aws_ami.ubuntu",
            "module.security.aws_security_group.allow_3000",
            "module.security.aws_security_group.allow_http",
            "module.security.aws_security_group.allow_https",
            "module.security.aws_security_group.allow_ssh",
            "module.security.data.http.my_ip",
            "module.vpc.aws_subnet.public_subnets",
            "module.vpc.aws_vpc.johans-vpc"
          ]
        }
      ]
    },
    {
      "module": "module.ami",
      "mode": "managed",
      "type": "aws_ami_from_instance",
      "name": "status-machine-image",
      "provider": "provider[\"registry.terraform.io/hashicorp/aws\"]",
      "instances": [
        {
          "schema_version": 0,
          "attributes": {
            "architecture": "x86_64",
            "arn": "arn:aws:ec2:eu-west-2::image/ami-0f58c7b55e10cf7f7",
            "boot_mode": "uefi-preferred",
            "deprecation_time": "",
            "description": "",
            "ebs_block_device": [
              {
                "delete_on_termination": true,
                "device_name": "/dev/sda1",
                "encrypted": false,
                "iops": 0,
                "outpost_arn": "",
                "snapshot_id": "snap-0eef31b9f6f736653",
                "throughput": 0,
                "volume_size": 8,
                "volume_type": "gp2"
              }
            ],
            "ena_support": true,
            "ephemeral_block_device": [
              {
                "device_name": "/dev/sdb",
                "virtual_name": "ephemeral0"
              },
              {
                "device_name": "/dev/sdc",
                "virtual_name": "ephemeral1"
              }
            ],
            "hypervisor": "xen",
            "id": "ami-0f58c7b55e10cf7f7",
            "image_location": "058264358506/status-machine-image",
            "image_owner_alias": "",
            "image_type": "machine",
            "imds_support": "",
            "kernel_id": "",
            "manage_ebs_snapshots": true,
            "name": "status-machine-image",
            "owner_id": "058264358506",
            "platform": "",
            "platform_details": "Linux/UNIX",
            "public": false,
            "ramdisk_id": "",
            "root_device_name": "/dev/sda1",
            "root_snapshot_id": "snap-0eef31b9f6f736653",
            "snapshot_without_reboot": null,
            "source_instance_id": "i-01c5ad8c6e1d863b6",
            "sriov_net_support": "simple",
            "tags": null,
            "tags_all": {},
            "timeouts": null,
            "tpm_support": "",
            "usage_operation": "RunInstances",
            "virtualization_type": "hvm"
          },
          "sensitive_attributes": [],
          "private": "eyJlMmJmYjczMC1lY2FhLTExZTYtOGY4OC0zNDM2M2JjN2M0YzAiOnsiY3JlYXRlIjoyNDAwMDAwMDAwMDAwLCJkZWxldGUiOjU0MDAwMDAwMDAwMDAsInVwZGF0ZSI6MjQwMDAwMDAwMDAwMH19",
          "dependencies": [
            "module.instance.aws_instance.status",
            "module.instance.data.aws_ami.ubuntu",
            "module.security.aws_security_group.allow_3000",
            "module.security.aws_security_group.allow_http",
            "module.security.aws_security_group.allow_https",
            "module.security.aws_security_group.allow_ssh",
            "module.security.data.http.my_ip",
            "module.vpc.aws_subnet.public_subnets",
            "module.vpc.aws_vpc.johans-vpc"
          ]
        }
      ]
    },
    {
      "module": "module.autoscaler",
      "mode": "managed",
      "type": "aws_autoscaling_group",
      "name": "rescheduled-private",
      "provider": "provider[\"registry.terraform.io/hashicorp/aws\"]",
      "instances": [
        {
          "schema_version": 1,
          "attributes": {
            "arn": "arn:aws:autoscaling:eu-west-2:058264358506:autoScalingGroup:8ad9c3a9-e82f-4059-bd34-e61fd0f7e345:autoScalingGroupName/scheduling-private",
            "availability_zones": [
              "eu-west-2a",
              "eu-west-2b",
              "eu-west-2c"
            ],
            "capacity_rebalance": false,
            "context": "",
            "default_cooldown": 300,
            "default_instance_warmup": 0,
            "desired_capacity": 2,
            "desired_capacity_type": "",
            "enabled_metrics": null,
            "force_delete": false,
            "force_delete_warm_pool": false,
            "health_check_grace_period": 300,
            "health_check_type": "EC2",
            "id": "scheduling-private",
            "ignore_failed_scaling_activities": false,
            "initial_lifecycle_hook": [],
            "instance_maintenance_policy": [],
            "instance_refresh": [],
            "launch_configuration": "",
            "launch_template": [
              {
                "id": "lt-0836a444baf668b31",
                "name": "sample-console-auth",
                "version": "$Latest"
              }
            ],
            "load_balancers": [],
            "max_instance_lifetime": 0,
            "max_size": 5,
            "metrics_granularity": "1Minute",
            "min_elb_capacity": null,
            "min_size": 1,
            "mixed_instances_policy": [],
            "name": "scheduling-private",
            "name_prefix": "",
            "placement_group": "",
            "predicted_capacity": 0,
            "protect_from_scale_in": false,
            "service_linked_role_arn": "arn:aws:iam::058264358506:role/aws-service-role/autoscaling.amazonaws.com/AWSServiceRoleForAutoScaling",
            "suspended_processes": null,
            "tag": [],
            "target_group_arns": [],
            "termination_policies": null,
            "timeouts": null,
            "traffic_source": [],
            "vpc_zone_identifier": [
              "subnet-05fc8e4144673629c",
              "subnet-0e0d44e69917a5205",
              "subnet-0fb94f6ac8fe7e2bb"
            ],
            "wait_for_capacity_timeout": "10m",
            "wait_for_elb_capacity": null,
            "warm_pool": [],
            "warm_pool_size": 0
          },
          "sensitive_attributes": [],
          "private": "eyJlMmJmYjczMC1lY2FhLTExZTYtOGY4OC0zNDM2M2JjN2M0YzAiOnsiZGVsZXRlIjo2MDAwMDAwMDAwMDAsInVwZGF0ZSI6NjAwMDAwMDAwMDAwfSwic2NoZW1hX3ZlcnNpb24iOiIxIn0=",
          "dependencies": [
            "module.ami.aws_ami_from_instance.auth-machine-image",
            "module.autoscaler.aws_launch_template.sample_console_private",
            "module.instance.aws_instance.auth",
            "module.instance.data.aws_ami.ubuntu",
            "module.security.aws_security_group.allow_3000",
            "module.security.aws_security_group.allow_http",
            "module.security.aws_security_group.allow_https",
            "module.security.aws_security_group.allow_ssh",
            "module.security.data.http.my_ip",
            "module.vpc.aws_subnet.private_subnets",
            "module.vpc.aws_vpc.johans-vpc"
          ]
        }
      ]
    },
    {
      "module": "module.autoscaler",
      "mode": "managed",
      "type": "aws_autoscaling_group",
      "name": "rescheduled-public",
      "provider": "provider[\"registry.terraform.io/hashicorp/aws\"]",
      "instances": [
        {
          "index_key": 0,
          "schema_version": 1,
          "attributes": {
            "arn": "arn:aws:autoscaling:eu-west-2:058264358506:autoScalingGroup:1fef8b8b-7368-43f9-acdd-c16a84b63aad:autoScalingGroupName/scheduling-public",
            "availability_zones": [
              "eu-west-2a",
              "eu-west-2b",
              "eu-west-2c"
            ],
            "capacity_rebalance": false,
            "context": "",
            "default_cooldown": 300,
            "default_instance_warmup": 0,
            "desired_capacity": 2,
            "desired_capacity_type": "",
            "enabled_metrics": null,
            "force_delete": false,
            "force_delete_warm_pool": false,
            "health_check_grace_period": 300,
            "health_check_type": "EC2",
            "id": "scheduling-public",
            "ignore_failed_scaling_activities": false,
            "initial_lifecycle_hook": [],
            "instance_maintenance_policy": [],
            "instance_refresh": [],
            "launch_configuration": "",
            "launch_template": [
              {
                "id": "lt-0f355b4301e22d827",
                "name": "sample-consolelighting",
                "version": "$Latest"
              }
            ],
            "load_balancers": [],
            "max_instance_lifetime": 0,
            "max_size": 5,
            "metrics_granularity": "1Minute",
            "min_elb_capacity": null,
            "min_size": 1,
            "mixed_instances_policy": [],
            "name": "scheduling-public",
            "name_prefix": "",
            "placement_group": "",
            "predicted_capacity": 0,
            "protect_from_scale_in": false,
            "service_linked_role_arn": "arn:aws:iam::058264358506:role/aws-service-role/autoscaling.amazonaws.com/AWSServiceRoleForAutoScaling",
            "suspended_processes": null,
            "tag": [],
            "target_group_arns": [],
            "termination_policies": null,
            "timeouts": null,
            "traffic_source": [],
            "vpc_zone_identifier": [
              "subnet-0118d624f9193e554",
              "subnet-06b6b6949e0d40c9d",
              "subnet-070df21192f4adc88"
            ],
            "wait_for_capacity_timeout": "10m",
            "wait_for_elb_capacity": null,
            "warm_pool": [],
            "warm_pool_size": 0
          },
          "sensitive_attributes": [],
          "private": "eyJlMmJmYjczMC1lY2FhLTExZTYtOGY4OC0zNDM2M2JjN2M0YzAiOnsiZGVsZXRlIjo2MDAwMDAwMDAwMDAsInVwZGF0ZSI6NjAwMDAwMDAwMDAwfSwic2NoZW1hX3ZlcnNpb24iOiIxIn0=",
          "dependencies": [
            "module.ami.aws_ami_from_instance.heating-machine-image",
            "module.ami.aws_ami_from_instance.lighting-machine-image",
            "module.ami.aws_ami_from_instance.status-machine-image",
            "module.autoscaler.aws_launch_template.sample_console_public",
            "module.instance.aws_instance.heating",
            "module.instance.aws_instance.lighting",
            "module.instance.aws_instance.status",
            "module.instance.data.aws_ami.ubuntu",
            "module.security.aws_security_group.allow_3000",
            "module.security.aws_security_group.allow_http",
            "module.security.aws_security_group.allow_https",
            "module.security.aws_security_group.allow_ssh",
            "module.security.data.http.my_ip",
            "module.vpc.aws_subnet.public_subnets",
            "module.vpc.aws_vpc.johans-vpc"
          ]
        }
      ]
    },
    {
      "module": "module.autoscaler",
      "mode": "managed",
      "type": "aws_launch_template",
      "name": "sample_console_private",
      "provider": "provider[\"registry.terraform.io/hashicorp/aws\"]",
      "instances": [
        {
          "schema_version": 0,
          "attributes": {
            "arn": "arn:aws:ec2:eu-west-2:058264358506:launch-template/lt-0836a444baf668b31",
            "block_device_mappings": [],
            "capacity_reservation_specification": [],
            "cpu_options": [],
            "credit_specification": [],
            "default_version": 1,
            "description": "",
            "disable_api_stop": false,
            "disable_api_termination": false,
            "ebs_optimized": "",
            "elastic_gpu_specifications": [],
            "elastic_inference_accelerator": [],
            "enclave_options": [],
            "hibernation_options": [],
            "iam_instance_profile": [],
            "id": "lt-0836a444baf668b31",
            "image_id": "ami-00fbe2a0c854f90f4",
            "instance_initiated_shutdown_behavior": "stop",
            "instance_market_options": [],
            "instance_requirements": [],
            "instance_type": "t2.micro",
            "kernel_id": "",
            "key_name": "firstProjectKeyPair",
            "latest_version": 3,
            "license_specification": [],
            "maintenance_options": [],
            "metadata_options": [],
            "monitoring": [],
            "name": "sample-console-auth",
            "name_prefix": "",
            "network_interfaces": [
              {
                "associate_carrier_ip_address": "",
                "associate_public_ip_address": "false",
                "delete_on_termination": "",
                "description": "",
                "device_index": 0,
                "interface_type": "",
                "ipv4_address_count": 0,
                "ipv4_addresses": [],
                "ipv4_prefix_count": 0,
                "ipv4_prefixes": [],
                "ipv6_address_count": 0,
                "ipv6_addresses": [],
                "ipv6_prefix_count": 0,
                "ipv6_prefixes": [],
                "network_card_index": 0,
                "network_interface_id": "",
                "private_ip_address": "",
                "security_groups": [
                  "sg-0012b62a35b3836cf",
                  "sg-07e4849a556a7222a",
                  "sg-0b9e2be61be134e2d",
                  "sg-0c2b6f1bdaa4b9d72"
                ],
                "subnet_id": ""
              }
            ],
            "placement": [
              {
                "affinity": "",
                "availability_zone": "eu-west-2a",
                "group_name": "",
                "host_id": "",
                "host_resource_group_arn": "",
                "partition_number": 0,
                "spread_domain": "",
                "tenancy": ""
              }
            ],
            "private_dns_name_options": [],
            "ram_disk_id": "",
            "security_group_names": [],
            "tag_specifications": [
              {
                "resource_type": "instance",
                "tags": {
                  "Name": "sample-console-private"
                }
              }
            ],
            "tags": {},
            "tags_all": {},
            "update_default_version": null,
            "user_data": "",
            "vpc_security_group_ids": []
          },
          "sensitive_attributes": [],
          "private": "bnVsbA==",
          "dependencies": [
            "module.ami.aws_ami_from_instance.auth-machine-image",
            "module.instance.aws_instance.auth",
            "module.instance.data.aws_ami.ubuntu",
            "module.security.aws_security_group.allow_3000",
            "module.security.aws_security_group.allow_http",
            "module.security.aws_security_group.allow_https",
            "module.security.aws_security_group.allow_ssh",
            "module.security.data.http.my_ip",
            "module.vpc.aws_subnet.private_subnets",
            "module.vpc.aws_vpc.johans-vpc"
          ]
        }
      ]
    },
    {
      "module": "module.autoscaler",
      "mode": "managed",
      "type": "aws_launch_template",
      "name": "sample_console_public",
      "provider": "provider[\"registry.terraform.io/hashicorp/aws\"]",
      "instances": [
        {
          "index_key": 0,
          "schema_version": 0,
          "attributes": {
            "arn": "arn:aws:ec2:eu-west-2:058264358506:launch-template/lt-0f355b4301e22d827",
            "block_device_mappings": [],
            "capacity_reservation_specification": [],
            "cpu_options": [],
            "credit_specification": [],
            "default_version": 1,
            "description": "",
            "disable_api_stop": false,
            "disable_api_termination": false,
            "ebs_optimized": "",
            "elastic_gpu_specifications": [],
            "elastic_inference_accelerator": [],
            "enclave_options": [],
            "hibernation_options": [],
            "iam_instance_profile": [],
            "id": "lt-0f355b4301e22d827",
            "image_id": "ami-02d3c7eba9ebe2124",
            "instance_initiated_shutdown_behavior": "stop",
            "instance_market_options": [],
            "instance_requirements": [],
            "instance_type": "t2.micro",
            "kernel_id": "",
            "key_name": "firstProjectKeyPair",
            "latest_version": 3,
            "license_specification": [],
            "maintenance_options": [],
            "metadata_options": [],
            "monitoring": [],
            "name": "sample-consolelighting",
            "name_prefix": "",
            "network_interfaces": [
              {
                "associate_carrier_ip_address": "",
                "associate_public_ip_address": "true",
                "delete_on_termination": "",
                "description": "",
                "device_index": 0,
                "interface_type": "",
                "ipv4_address_count": 0,
                "ipv4_addresses": [],
                "ipv4_prefix_count": 0,
                "ipv4_prefixes": [],
                "ipv6_address_count": 0,
                "ipv6_addresses": [],
                "ipv6_prefix_count": 0,
                "ipv6_prefixes": [],
                "network_card_index": 0,
                "network_interface_id": "",
                "private_ip_address": "",
                "security_groups": [
                  "sg-0012b62a35b3836cf",
                  "sg-07e4849a556a7222a",
                  "sg-0b9e2be61be134e2d",
                  "sg-0c2b6f1bdaa4b9d72"
                ],
                "subnet_id": ""
              }
            ],
            "placement": [
              {
                "affinity": "",
                "availability_zone": "eu-west-2a",
                "group_name": "",
                "host_id": "",
                "host_resource_group_arn": "",
                "partition_number": 0,
                "spread_domain": "",
                "tenancy": ""
              }
            ],
            "private_dns_name_options": [],
            "ram_disk_id": "",
            "security_group_names": [],
            "tag_specifications": [
              {
                "resource_type": "instance",
                "tags": {
                  "Name": "sample-consolelighting"
                }
              }
            ],
            "tags": {},
            "tags_all": {},
            "update_default_version": null,
            "user_data": "",
            "vpc_security_group_ids": []
          },
          "sensitive_attributes": [],
          "private": "bnVsbA==",
          "dependencies": [
            "module.ami.aws_ami_from_instance.heating-machine-image",
            "module.ami.aws_ami_from_instance.lighting-machine-image",
            "module.ami.aws_ami_from_instance.status-machine-image",
            "module.instance.aws_instance.heating",
            "module.instance.aws_instance.lighting",
            "module.instance.aws_instance.status",
            "module.instance.data.aws_ami.ubuntu",
            "module.security.aws_security_group.allow_3000",
            "module.security.aws_security_group.allow_http",
            "module.security.aws_security_group.allow_https",
            "module.security.aws_security_group.allow_ssh",
            "module.security.data.http.my_ip",
            "module.vpc.aws_subnet.public_subnets",
            "module.vpc.aws_vpc.johans-vpc"
          ]
        },
        {
          "index_key": 1,
          "schema_version": 0,
          "attributes": {
            "arn": "arn:aws:ec2:eu-west-2:058264358506:launch-template/lt-0b52f146e3dd2911d",
            "block_device_mappings": [],
            "capacity_reservation_specification": [],
            "cpu_options": [],
            "credit_specification": [],
            "default_version": 1,
            "description": "",
            "disable_api_stop": false,
            "disable_api_termination": false,
            "ebs_optimized": "",
            "elastic_gpu_specifications": [],
            "elastic_inference_accelerator": [],
            "enclave_options": [],
            "hibernation_options": [],
            "iam_instance_profile": [],
            "id": "lt-0b52f146e3dd2911d",
            "image_id": "ami-0e69e918cc18d3269",
            "instance_initiated_shutdown_behavior": "stop",
            "instance_market_options": [],
            "instance_requirements": [],
            "instance_type": "t2.micro",
            "kernel_id": "",
            "key_name": "firstProjectKeyPair",
            "latest_version": 3,
            "license_specification": [],
            "maintenance_options": [],
            "metadata_options": [],
            "monitoring": [],
            "name": "sample-consoleheating",
            "name_prefix": "",
            "network_interfaces": [
              {
                "associate_carrier_ip_address": "",
                "associate_public_ip_address": "true",
                "delete_on_termination": "",
                "description": "",
                "device_index": 0,
                "interface_type": "",
                "ipv4_address_count": 0,
                "ipv4_addresses": [],
                "ipv4_prefix_count": 0,
                "ipv4_prefixes": [],
                "ipv6_address_count": 0,
                "ipv6_addresses": [],
                "ipv6_prefix_count": 0,
                "ipv6_prefixes": [],
                "network_card_index": 0,
                "network_interface_id": "",
                "private_ip_address": "",
                "security_groups": [
                  "sg-0012b62a35b3836cf",
                  "sg-07e4849a556a7222a",
                  "sg-0b9e2be61be134e2d",
                  "sg-0c2b6f1bdaa4b9d72"
                ],
                "subnet_id": ""
              }
            ],
            "placement": [
              {
                "affinity": "",
                "availability_zone": "eu-west-2a",
                "group_name": "",
                "host_id": "",
                "host_resource_group_arn": "",
                "partition_number": 0,
                "spread_domain": "",
                "tenancy": ""
              }
            ],
            "private_dns_name_options": [],
            "ram_disk_id": "",
            "security_group_names": [],
            "tag_specifications": [
              {
                "resource_type": "instance",
                "tags": {
                  "Name": "sample-consoleheating"
                }
              }
            ],
            "tags": {},
            "tags_all": {},
            "update_default_version": null,
            "user_data": "",
            "vpc_security_group_ids": []
          },
          "sensitive_attributes": [],
          "private": "bnVsbA==",
          "dependencies": [
            "module.ami.aws_ami_from_instance.heating-machine-image",
            "module.ami.aws_ami_from_instance.lighting-machine-image",
            "module.ami.aws_ami_from_instance.status-machine-image",
            "module.instance.aws_instance.heating",
            "module.instance.aws_instance.lighting",
            "module.instance.aws_instance.status",
            "module.instance.data.aws_ami.ubuntu",
            "module.security.aws_security_group.allow_3000",
            "module.security.aws_security_group.allow_http",
            "module.security.aws_security_group.allow_https",
            "module.security.aws_security_group.allow_ssh",
            "module.security.data.http.my_ip",
            "module.vpc.aws_subnet.public_subnets",
            "module.vpc.aws_vpc.johans-vpc"
          ]
        },
        {
          "index_key": 2,
          "schema_version": 0,
          "attributes": {
            "arn": "arn:aws:ec2:eu-west-2:058264358506:launch-template/lt-0cdab345b2eb63602",
            "block_device_mappings": [],
            "capacity_reservation_specification": [],
            "cpu_options": [],
            "credit_specification": [],
            "default_version": 1,
            "description": "",
            "disable_api_stop": false,
            "disable_api_termination": false,
            "ebs_optimized": "",
            "elastic_gpu_specifications": [],
            "elastic_inference_accelerator": [],
            "enclave_options": [],
            "hibernation_options": [],
            "iam_instance_profile": [],
            "id": "lt-0cdab345b2eb63602",
            "image_id": "ami-0f58c7b55e10cf7f7",
            "instance_initiated_shutdown_behavior": "stop",
            "instance_market_options": [],
            "instance_requirements": [],
            "instance_type": "t2.micro",
            "kernel_id": "",
            "key_name": "firstProjectKeyPair",
            "latest_version": 3,
            "license_specification": [],
            "maintenance_options": [],
            "metadata_options": [],
            "monitoring": [],
            "name": "sample-consolestatus",
            "name_prefix": "",
            "network_interfaces": [
              {
                "associate_carrier_ip_address": "",
                "associate_public_ip_address": "true",
                "delete_on_termination": "",
                "description": "",
                "device_index": 0,
                "interface_type": "",
                "ipv4_address_count": 0,
                "ipv4_addresses": [],
                "ipv4_prefix_count": 0,
                "ipv4_prefixes": [],
                "ipv6_address_count": 0,
                "ipv6_addresses": [],
                "ipv6_prefix_count": 0,
                "ipv6_prefixes": [],
                "network_card_index": 0,
                "network_interface_id": "",
                "private_ip_address": "",
                "security_groups": [
                  "sg-0012b62a35b3836cf",
                  "sg-07e4849a556a7222a",
                  "sg-0b9e2be61be134e2d",
                  "sg-0c2b6f1bdaa4b9d72"
                ],
                "subnet_id": ""
              }
            ],
            "placement": [
              {
                "affinity": "",
                "availability_zone": "eu-west-2a",
                "group_name": "",
                "host_id": "",
                "host_resource_group_arn": "",
                "partition_number": 0,
                "spread_domain": "",
                "tenancy": ""
              }
            ],
            "private_dns_name_options": [],
            "ram_disk_id": "",
            "security_group_names": [],
            "tag_specifications": [
              {
                "resource_type": "instance",
                "tags": {
                  "Name": "sample-consolestatus"
                }
              }
            ],
            "tags": {},
            "tags_all": {},
            "update_default_version": null,
            "user_data": "",
            "vpc_security_group_ids": []
          },
          "sensitive_attributes": [],
          "private": "bnVsbA==",
          "dependencies": [
            "module.ami.aws_ami_from_instance.heating-machine-image",
            "module.ami.aws_ami_from_instance.lighting-machine-image",
            "module.ami.aws_ami_from_instance.status-machine-image",
            "module.instance.aws_instance.heating",
            "module.instance.aws_instance.lighting",
            "module.instance.aws_instance.status",
            "module.instance.data.aws_ami.ubuntu",
            "module.security.aws_security_group.allow_3000",
            "module.security.aws_security_group.allow_http",
            "module.security.aws_security_group.allow_https",
            "module.security.aws_security_group.allow_ssh",
            "module.security.data.http.my_ip",
            "module.vpc.aws_subnet.public_subnets",
            "module.vpc.aws_vpc.johans-vpc"
          ]
        }
      ]
    },
    {
      "module": "module.dynamo_DB",
      "mode": "managed",
      "type": "aws_dynamodb_table",
      "name": "johans_table",
      "provider": "provider[\"registry.terraform.io/hashicorp/aws\"]",
      "instances": [
        {
          "index_key": 0,
          "schema_version": 1,
          "attributes": {
            "arn": "arn:aws:dynamodb:eu-west-2:058264358506:table/lighting-table",
            "attribute": [
              {
                "name": "id",
                "type": "N"
              }
            ],
            "billing_mode": "PAY_PER_REQUEST",
            "deletion_protection_enabled": false,
            "global_secondary_index": [],
            "hash_key": "id",
            "id": "lighting-table",
            "import_table": [],
            "local_secondary_index": [],
            "name": "lighting-table",
            "point_in_time_recovery": [
              {
                "enabled": false
              }
            ],
            "range_key": null,
            "read_capacity": 0,
            "replica": [],
            "restore_date_time": null,
            "restore_source_name": null,
            "restore_to_latest_time": null,
            "server_side_encryption": [],
            "stream_arn": "",
            "stream_enabled": false,
            "stream_label": "",
            "stream_view_type": "",
            "table_class": "STANDARD",
            "tags": {},
            "tags_all": {},
            "timeouts": null,
            "ttl": [
              {
                "attribute_name": "",
                "enabled": false
              }
            ],
            "write_capacity": 0
          },
          "sensitive_attributes": [],
          "private": "eyJlMmJmYjczMC1lY2FhLTExZTYtOGY4OC0zNDM2M2JjN2M0YzAiOnsiY3JlYXRlIjoxODAwMDAwMDAwMDAwLCJkZWxldGUiOjYwMDAwMDAwMDAwMCwidXBkYXRlIjozNjAwMDAwMDAwMDAwfSwic2NoZW1hX3ZlcnNpb24iOiIxIn0="
        },
        {
          "index_key": 1,
          "schema_version": 1,
          "attributes": {
            "arn": "arn:aws:dynamodb:eu-west-2:058264358506:table/heating-table",
            "attribute": [
              {
                "name": "id",
                "type": "N"
              }
            ],
            "billing_mode": "PAY_PER_REQUEST",
            "deletion_protection_enabled": false,
            "global_secondary_index": [],
            "hash_key": "id",
            "id": "heating-table",
            "import_table": [],
            "local_secondary_index": [],
            "name": "heating-table",
            "point_in_time_recovery": [
              {
                "enabled": false
              }
            ],
            "range_key": null,
            "read_capacity": 0,
            "replica": [],
            "restore_date_time": null,
            "restore_source_name": null,
            "restore_to_latest_time": null,
            "server_side_encryption": [],
            "stream_arn": "",
            "stream_enabled": false,
            "stream_label": "",
            "stream_view_type": "",
            "table_class": "STANDARD",
            "tags": {},
            "tags_all": {},
            "timeouts": null,
            "ttl": [
              {
                "attribute_name": "",
                "enabled": false
              }
            ],
            "write_capacity": 0
          },
          "sensitive_attributes": [],
          "private": "eyJlMmJmYjczMC1lY2FhLTExZTYtOGY4OC0zNDM2M2JjN2M0YzAiOnsiY3JlYXRlIjoxODAwMDAwMDAwMDAwLCJkZWxldGUiOjYwMDAwMDAwMDAwMCwidXBkYXRlIjozNjAwMDAwMDAwMDAwfSwic2NoZW1hX3ZlcnNpb24iOiIxIn0="
        }
      ]
    },
    {
      "module": "module.instance",
      "mode": "data",
      "type": "aws_ami",
      "name": "ubuntu",
      "provider": "provider[\"registry.terraform.io/hashicorp/aws\"]",
      "instances": [
        {
          "schema_version": 0,
          "attributes": {
            "architecture": "x86_64",
            "arn": "arn:aws:ec2:eu-west-2::image/ami-0b9932f4918a00c4f",
            "block_device_mappings": [
              {
                "device_name": "/dev/sda1",
                "ebs": {
                  "delete_on_termination": "true",
                  "encrypted": "false",
                  "iops": "0",
                  "snapshot_id": "snap-0f93c82dbf4fdb0f4",
                  "throughput": "0",
                  "volume_size": "8",
                  "volume_type": "gp2"
                },
                "no_device": "",
                "virtual_name": ""
              },
              {
                "device_name": "/dev/sdb",
                "ebs": {},
                "no_device": "",
                "virtual_name": "ephemeral0"
              },
              {
                "device_name": "/dev/sdc",
                "ebs": {},
                "no_device": "",
                "virtual_name": "ephemeral1"
              }
            ],
            "boot_mode": "uefi-preferred",
            "creation_date": "2024-03-01T04:02:41.000Z",
            "deprecation_time": "2026-03-01T04:02:41.000Z",
            "description": "Canonical, Ubuntu, 22.04 LTS, amd64 jammy image build on 2024-03-01",
            "ena_support": true,
            "executable_users": null,
            "filter": [
              {
                "name": "name",
                "values": [
                  "ubuntu/images/hvm-ssd/ubuntu-jammy-22.04-amd64-server-*"
                ]
              },
              {
                "name": "virtualization-type",
                "values": [
                  "hvm"
                ]
              }
            ],
            "hypervisor": "xen",
            "id": "ami-0b9932f4918a00c4f",
            "image_id": "ami-0b9932f4918a00c4f",
            "image_location": "amazon/ubuntu/images/hvm-ssd/ubuntu-jammy-22.04-amd64-server-20240301",
            "image_owner_alias": "amazon",
            "image_type": "machine",
            "imds_support": "",
            "include_deprecated": false,
            "kernel_id": "",
            "most_recent": true,
            "name": "ubuntu/images/hvm-ssd/ubuntu-jammy-22.04-amd64-server-20240301",
            "name_regex": null,
            "owner_id": "099720109477",
            "owners": [
              "099720109477"
            ],
            "platform": "",
            "platform_details": "Linux/UNIX",
            "product_codes": [],
            "public": true,
            "ramdisk_id": "",
            "root_device_name": "/dev/sda1",
            "root_device_type": "ebs",
            "root_snapshot_id": "snap-0f93c82dbf4fdb0f4",
            "sriov_net_support": "simple",
            "state": "available",
            "state_reason": {
              "code": "UNSET",
              "message": "UNSET"
            },
            "tags": {},
            "timeouts": null,
            "tpm_support": "",
            "usage_operation": "RunInstances",
            "virtualization_type": "hvm"
          },
          "sensitive_attributes": []
        }
      ]
    },
    {
      "module": "module.instance",
      "mode": "managed",
      "type": "aws_instance",
      "name": "auth",
      "provider": "provider[\"registry.terraform.io/hashicorp/aws\"]",
      "instances": [
        {
          "schema_version": 1,
          "attributes": {
            "ami": "ami-0b9932f4918a00c4f",
            "arn": "arn:aws:ec2:eu-west-2:058264358506:instance/i-083e2c947fef2a622",
            "associate_public_ip_address": false,
            "availability_zone": "eu-west-2a",
            "capacity_reservation_specification": [
              {
                "capacity_reservation_preference": "open",
                "capacity_reservation_target": []
              }
            ],
            "cpu_core_count": 1,
            "cpu_options": [
              {
                "amd_sev_snp": "",
                "core_count": 1,
                "threads_per_core": 1
              }
            ],
            "cpu_threads_per_core": 1,
            "credit_specification": [
              {
                "cpu_credits": "standard"
              }
            ],
            "disable_api_stop": false,
            "disable_api_termination": false,
            "ebs_block_device": [],
            "ebs_optimized": false,
            "enclave_options": [
              {
                "enabled": false
              }
            ],
            "ephemeral_block_device": [],
            "get_password_data": false,
            "hibernation": false,
            "host_id": "",
            "host_resource_group_arn": null,
            "iam_instance_profile": "",
            "id": "i-083e2c947fef2a622",
            "instance_initiated_shutdown_behavior": "stop",
            "instance_lifecycle": "",
            "instance_market_options": [],
            "instance_state": "running",
            "instance_type": "t2.micro",
            "ipv6_address_count": 0,
            "ipv6_addresses": [],
            "key_name": "firstProjectKeyPair",
            "launch_template": [],
            "maintenance_options": [
              {
                "auto_recovery": "default"
              }
            ],
            "metadata_options": [
              {
                "http_endpoint": "enabled",
                "http_protocol_ipv6": "disabled",
                "http_put_response_hop_limit": 1,
                "http_tokens": "optional",
                "instance_metadata_tags": "disabled"
              }
            ],
            "monitoring": false,
            "network_interface": [],
            "outpost_arn": "",
            "password_data": "",
            "placement_group": "",
            "placement_partition_number": 0,
            "primary_network_interface_id": "eni-09ed70e049afa7504",
            "private_dns": "ip-10-0-8-216.eu-west-2.compute.internal",
            "private_dns_name_options": [
              {
                "enable_resource_name_dns_a_record": false,
                "enable_resource_name_dns_aaaa_record": false,
                "hostname_type": "ip-name"
              }
            ],
            "private_ip": "10.0.8.216",
            "public_dns": "",
            "public_ip": "",
            "root_block_device": [
              {
                "delete_on_termination": true,
                "device_name": "/dev/sda1",
                "encrypted": false,
                "iops": 100,
                "kms_key_id": "",
                "tags": {},
                "tags_all": {},
                "throughput": 0,
                "volume_id": "vol-0ed71f16663e099c3",
                "volume_size": 8,
                "volume_type": "gp2"
              }
            ],
            "secondary_private_ips": [],
            "security_groups": [
              "sg-0012b62a35b3836cf",
              "sg-07e4849a556a7222a",
              "sg-0b9e2be61be134e2d",
              "sg-0c2b6f1bdaa4b9d72"
            ],
            "source_dest_check": true,
            "spot_instance_request_id": "",
            "subnet_id": "subnet-0e0d44e69917a5205",
            "tags": {
              "Name": "auth"
            },
            "tags_all": {
              "Name": "auth"
            },
            "tenancy": "default",
            "timeouts": null,
            "user_data": null,
            "user_data_base64": null,
            "user_data_replace_on_change": false,
            "volume_tags": null,
            "vpc_security_group_ids": [
              "sg-0012b62a35b3836cf",
              "sg-07e4849a556a7222a",
              "sg-0b9e2be61be134e2d",
              "sg-0c2b6f1bdaa4b9d72"
            ]
          },
          "sensitive_attributes": [],
          "private": "eyJlMmJmYjczMC1lY2FhLTExZTYtOGY4OC0zNDM2M2JjN2M0YzAiOnsiY3JlYXRlIjo2MDAwMDAwMDAwMDAsImRlbGV0ZSI6MTIwMDAwMDAwMDAwMCwicmVhZCI6OTAwMDAwMDAwMDAwLCJ1cGRhdGUiOjYwMDAwMDAwMDAwMH0sInNjaGVtYV92ZXJzaW9uIjoiMSJ9",
          "dependencies": [
            "module.instance.data.aws_ami.ubuntu",
            "module.security.aws_security_group.allow_3000",
            "module.security.aws_security_group.allow_http",
            "module.security.aws_security_group.allow_https",
            "module.security.aws_security_group.allow_ssh",
            "module.security.data.http.my_ip",
            "module.vpc.aws_subnet.private_subnets",
            "module.vpc.aws_vpc.johans-vpc"
          ]
        }
      ]
    },
    {
      "module": "module.instance",
      "mode": "managed",
      "type": "aws_instance",
      "name": "heating",
      "provider": "provider[\"registry.terraform.io/hashicorp/aws\"]",
      "instances": [
        {
          "schema_version": 1,
          "attributes": {
            "ami": "ami-0b9932f4918a00c4f",
            "arn": "arn:aws:ec2:eu-west-2:058264358506:instance/i-019466b370dc59829",
            "associate_public_ip_address": true,
            "availability_zone": "eu-west-2b",
            "capacity_reservation_specification": [
              {
                "capacity_reservation_preference": "open",
                "capacity_reservation_target": []
              }
            ],
            "cpu_core_count": 1,
            "cpu_options": [
              {
                "amd_sev_snp": "",
                "core_count": 1,
                "threads_per_core": 1
              }
            ],
            "cpu_threads_per_core": 1,
            "credit_specification": [
              {
                "cpu_credits": "standard"
              }
            ],
            "disable_api_stop": false,
            "disable_api_termination": false,
            "ebs_block_device": [],
            "ebs_optimized": false,
            "enclave_options": [
              {
                "enabled": false
              }
            ],
            "ephemeral_block_device": [],
            "get_password_data": false,
            "hibernation": false,
            "host_id": "",
            "host_resource_group_arn": null,
            "iam_instance_profile": "",
            "id": "i-019466b370dc59829",
            "instance_initiated_shutdown_behavior": "stop",
            "instance_lifecycle": "",
            "instance_market_options": [],
            "instance_state": "running",
            "instance_type": "t2.micro",
            "ipv6_address_count": 0,
            "ipv6_addresses": [],
            "key_name": "firstProjectKeyPair",
            "launch_template": [],
            "maintenance_options": [
              {
                "auto_recovery": "default"
              }
            ],
            "metadata_options": [
              {
                "http_endpoint": "enabled",
                "http_protocol_ipv6": "disabled",
                "http_put_response_hop_limit": 1,
                "http_tokens": "optional",
                "instance_metadata_tags": "disabled"
              }
            ],
            "monitoring": false,
            "network_interface": [],
            "outpost_arn": "",
            "password_data": "",
            "placement_group": "",
            "placement_partition_number": 0,
            "primary_network_interface_id": "eni-04755863ac02b9477",
            "private_dns": "ip-10-0-1-125.eu-west-2.compute.internal",
            "private_dns_name_options": [
              {
                "enable_resource_name_dns_a_record": false,
                "enable_resource_name_dns_aaaa_record": false,
                "hostname_type": "ip-name"
              }
            ],
            "private_ip": "10.0.1.125",
            "public_dns": "",
            "public_ip": "3.10.215.9",
            "root_block_device": [
              {
                "delete_on_termination": true,
                "device_name": "/dev/sda1",
                "encrypted": false,
                "iops": 100,
                "kms_key_id": "",
                "tags": {},
                "tags_all": {},
                "throughput": 0,
                "volume_id": "vol-0cd8c71ee7a52e70c",
                "volume_size": 8,
                "volume_type": "gp2"
              }
            ],
            "secondary_private_ips": [],
            "security_groups": [
              "sg-0012b62a35b3836cf",
              "sg-07e4849a556a7222a",
              "sg-0b9e2be61be134e2d",
              "sg-0c2b6f1bdaa4b9d72"
            ],
            "source_dest_check": true,
            "spot_instance_request_id": "",
            "subnet_id": "subnet-06b6b6949e0d40c9d",
            "tags": {
              "Name": "heating"
            },
            "tags_all": {
              "Name": "heating"
            },
            "tenancy": "default",
            "timeouts": null,
            "user_data": null,
            "user_data_base64": null,
            "user_data_replace_on_change": false,
            "volume_tags": null,
            "vpc_security_group_ids": [
              "sg-0012b62a35b3836cf",
              "sg-07e4849a556a7222a",
              "sg-0b9e2be61be134e2d",
              "sg-0c2b6f1bdaa4b9d72"
            ]
          },
          "sensitive_attributes": [],
          "private": "eyJlMmJmYjczMC1lY2FhLTExZTYtOGY4OC0zNDM2M2JjN2M0YzAiOnsiY3JlYXRlIjo2MDAwMDAwMDAwMDAsImRlbGV0ZSI6MTIwMDAwMDAwMDAwMCwicmVhZCI6OTAwMDAwMDAwMDAwLCJ1cGRhdGUiOjYwMDAwMDAwMDAwMH0sInNjaGVtYV92ZXJzaW9uIjoiMSJ9",
          "dependencies": [
            "module.instance.data.aws_ami.ubuntu",
            "module.security.aws_security_group.allow_3000",
            "module.security.aws_security_group.allow_http",
            "module.security.aws_security_group.allow_https",
            "module.security.aws_security_group.allow_ssh",
            "module.security.data.http.my_ip",
            "module.vpc.aws_subnet.public_subnets",
            "module.vpc.aws_vpc.johans-vpc"
          ]
        }
      ]
    },
    {
      "module": "module.instance",
      "mode": "managed",
      "type": "aws_instance",
      "name": "lighting",
      "provider": "provider[\"registry.terraform.io/hashicorp/aws\"]",
      "instances": [
        {
          "schema_version": 1,
          "attributes": {
            "ami": "ami-0b9932f4918a00c4f",
            "arn": "arn:aws:ec2:eu-west-2:058264358506:instance/i-031834035c16b4cf4",
            "associate_public_ip_address": true,
            "availability_zone": "eu-west-2a",
            "capacity_reservation_specification": [
              {
                "capacity_reservation_preference": "open",
                "capacity_reservation_target": []
              }
            ],
            "cpu_core_count": 1,
            "cpu_options": [
              {
                "amd_sev_snp": "",
                "core_count": 1,
                "threads_per_core": 1
              }
            ],
            "cpu_threads_per_core": 1,
            "credit_specification": [
              {
                "cpu_credits": "standard"
              }
            ],
            "disable_api_stop": false,
            "disable_api_termination": false,
            "ebs_block_device": [],
            "ebs_optimized": false,
            "enclave_options": [
              {
                "enabled": false
              }
            ],
            "ephemeral_block_device": [],
            "get_password_data": false,
            "hibernation": false,
            "host_id": "",
            "host_resource_group_arn": null,
            "iam_instance_profile": "",
            "id": "i-031834035c16b4cf4",
            "instance_initiated_shutdown_behavior": "stop",
            "instance_lifecycle": "",
            "instance_market_options": [],
            "instance_state": "running",
            "instance_type": "t2.micro",
            "ipv6_address_count": 0,
            "ipv6_addresses": [],
            "key_name": "firstProjectKeyPair",
            "launch_template": [],
            "maintenance_options": [
              {
                "auto_recovery": "default"
              }
            ],
            "metadata_options": [
              {
                "http_endpoint": "enabled",
                "http_protocol_ipv6": "disabled",
                "http_put_response_hop_limit": 1,
                "http_tokens": "optional",
                "instance_metadata_tags": "disabled"
              }
            ],
            "monitoring": false,
            "network_interface": [],
            "outpost_arn": "",
            "password_data": "",
            "placement_group": "",
            "placement_partition_number": 0,
            "primary_network_interface_id": "eni-056e24afba741fa82",
            "private_dns": "ip-10-0-0-65.eu-west-2.compute.internal",
            "private_dns_name_options": [
              {
                "enable_resource_name_dns_a_record": false,
                "enable_resource_name_dns_aaaa_record": false,
                "hostname_type": "ip-name"
              }
            ],
            "private_ip": "10.0.0.65",
            "public_dns": "",
            "public_ip": "35.178.196.196",
            "root_block_device": [
              {
                "delete_on_termination": true,
                "device_name": "/dev/sda1",
                "encrypted": false,
                "iops": 100,
                "kms_key_id": "",
                "tags": {},
                "tags_all": {},
                "throughput": 0,
                "volume_id": "vol-0a3178838529c9e68",
                "volume_size": 8,
                "volume_type": "gp2"
              }
            ],
            "secondary_private_ips": [],
            "security_groups": [
              "sg-0012b62a35b3836cf",
              "sg-07e4849a556a7222a",
              "sg-0b9e2be61be134e2d",
              "sg-0c2b6f1bdaa4b9d72"
            ],
            "source_dest_check": true,
            "spot_instance_request_id": "",
            "subnet_id": "subnet-070df21192f4adc88",
            "tags": {
              "Name": "lighting"
            },
            "tags_all": {
              "Name": "lighting"
            },
            "tenancy": "default",
            "timeouts": null,
            "user_data": null,
            "user_data_base64": null,
            "user_data_replace_on_change": false,
            "volume_tags": null,
            "vpc_security_group_ids": [
              "sg-0012b62a35b3836cf",
              "sg-07e4849a556a7222a",
              "sg-0b9e2be61be134e2d",
              "sg-0c2b6f1bdaa4b9d72"
            ]
          },
          "sensitive_attributes": [],
          "private": "eyJlMmJmYjczMC1lY2FhLTExZTYtOGY4OC0zNDM2M2JjN2M0YzAiOnsiY3JlYXRlIjo2MDAwMDAwMDAwMDAsImRlbGV0ZSI6MTIwMDAwMDAwMDAwMCwicmVhZCI6OTAwMDAwMDAwMDAwLCJ1cGRhdGUiOjYwMDAwMDAwMDAwMH0sInNjaGVtYV92ZXJzaW9uIjoiMSJ9",
          "dependencies": [
            "module.instance.data.aws_ami.ubuntu",
            "module.security.aws_security_group.allow_3000",
            "module.security.aws_security_group.allow_http",
            "module.security.aws_security_group.allow_https",
            "module.security.aws_security_group.allow_ssh",
            "module.security.data.http.my_ip",
            "module.vpc.aws_subnet.public_subnets",
            "module.vpc.aws_vpc.johans-vpc"
          ]
        }
      ]
    },
    {
      "module": "module.instance",
      "mode": "managed",
      "type": "aws_instance",
      "name": "status",
      "provider": "provider[\"registry.terraform.io/hashicorp/aws\"]",
      "instances": [
        {
          "schema_version": 1,
          "attributes": {
            "ami": "ami-0b9932f4918a00c4f",
            "arn": "arn:aws:ec2:eu-west-2:058264358506:instance/i-01c5ad8c6e1d863b6",
            "associate_public_ip_address": true,
            "availability_zone": "eu-west-2c",
            "capacity_reservation_specification": [
              {
                "capacity_reservation_preference": "open",
                "capacity_reservation_target": []
              }
            ],
            "cpu_core_count": 1,
            "cpu_options": [
              {
                "amd_sev_snp": "",
                "core_count": 1,
                "threads_per_core": 1
              }
            ],
            "cpu_threads_per_core": 1,
            "credit_specification": [
              {
                "cpu_credits": "standard"
              }
            ],
            "disable_api_stop": false,
            "disable_api_termination": false,
            "ebs_block_device": [],
            "ebs_optimized": false,
            "enclave_options": [
              {
                "enabled": false
              }
            ],
            "ephemeral_block_device": [],
            "get_password_data": false,
            "hibernation": false,
            "host_id": "",
            "host_resource_group_arn": null,
            "iam_instance_profile": "",
            "id": "i-01c5ad8c6e1d863b6",
            "instance_initiated_shutdown_behavior": "stop",
            "instance_lifecycle": "",
            "instance_market_options": [],
            "instance_state": "running",
            "instance_type": "t2.micro",
            "ipv6_address_count": 0,
            "ipv6_addresses": [],
            "key_name": "firstProjectKeyPair",
            "launch_template": [],
            "maintenance_options": [
              {
                "auto_recovery": "default"
              }
            ],
            "metadata_options": [
              {
                "http_endpoint": "enabled",
                "http_protocol_ipv6": "disabled",
                "http_put_response_hop_limit": 1,
                "http_tokens": "optional",
                "instance_metadata_tags": "disabled"
              }
            ],
            "monitoring": false,
            "network_interface": [],
            "outpost_arn": "",
            "password_data": "",
            "placement_group": "",
            "placement_partition_number": 0,
            "primary_network_interface_id": "eni-06e545da6fb8a7136",
            "private_dns": "ip-10-0-2-163.eu-west-2.compute.internal",
            "private_dns_name_options": [
              {
                "enable_resource_name_dns_a_record": false,
                "enable_resource_name_dns_aaaa_record": false,
                "hostname_type": "ip-name"
              }
            ],
            "private_ip": "10.0.2.163",
            "public_dns": "",
            "public_ip": "3.10.138.53",
            "root_block_device": [
              {
                "delete_on_termination": true,
                "device_name": "/dev/sda1",
                "encrypted": false,
                "iops": 100,
                "kms_key_id": "",
                "tags": {},
                "tags_all": {},
                "throughput": 0,
                "volume_id": "vol-0b1f66f138bd53857",
                "volume_size": 8,
                "volume_type": "gp2"
              }
            ],
            "secondary_private_ips": [],
            "security_groups": [
              "sg-0012b62a35b3836cf",
              "sg-07e4849a556a7222a",
              "sg-0b9e2be61be134e2d",
              "sg-0c2b6f1bdaa4b9d72"
            ],
            "source_dest_check": true,
            "spot_instance_request_id": "",
            "subnet_id": "subnet-0118d624f9193e554",
            "tags": {
              "Name": "status"
            },
            "tags_all": {
              "Name": "status"
            },
            "tenancy": "default",
            "timeouts": null,
            "user_data": null,
            "user_data_base64": null,
            "user_data_replace_on_change": false,
            "volume_tags": null,
            "vpc_security_group_ids": [
              "sg-0012b62a35b3836cf",
              "sg-07e4849a556a7222a",
              "sg-0b9e2be61be134e2d",
              "sg-0c2b6f1bdaa4b9d72"
            ]
          },
          "sensitive_attributes": [],
          "private": "eyJlMmJmYjczMC1lY2FhLTExZTYtOGY4OC0zNDM2M2JjN2M0YzAiOnsiY3JlYXRlIjo2MDAwMDAwMDAwMDAsImRlbGV0ZSI6MTIwMDAwMDAwMDAwMCwicmVhZCI6OTAwMDAwMDAwMDAwLCJ1cGRhdGUiOjYwMDAwMDAwMDAwMH0sInNjaGVtYV92ZXJzaW9uIjoiMSJ9",
          "dependencies": [
            "module.instance.data.aws_ami.ubuntu",
            "module.security.aws_security_group.allow_3000",
            "module.security.aws_security_group.allow_http",
            "module.security.aws_security_group.allow_https",
            "module.security.aws_security_group.allow_ssh",
            "module.security.data.http.my_ip",
            "module.vpc.aws_subnet.public_subnets",
            "module.vpc.aws_vpc.johans-vpc"
          ]
        }
      ]
    },
    {
      "module": "module.load_balancer",
      "mode": "managed",
      "type": "aws_lb",
      "name": "private-lb",
      "provider": "provider[\"registry.terraform.io/hashicorp/aws\"]",
      "instances": [
        {
          "schema_version": 0,
          "attributes": {
            "access_logs": [
              {
                "bucket": "",
                "enabled": false,
                "prefix": ""
              }
            ],
            "arn": "arn:aws:elasticloadbalancing:eu-west-2:058264358506:loadbalancer/app/private-lb/73d4f2097f89e183",
            "arn_suffix": "app/private-lb/73d4f2097f89e183",
            "connection_logs": [
              {
                "bucket": "",
                "enabled": false,
                "prefix": ""
              }
            ],
            "customer_owned_ipv4_pool": "",
            "desync_mitigation_mode": "defensive",
            "dns_name": "private-lb-792493280.eu-west-2.elb.amazonaws.com",
            "dns_record_client_routing_policy": null,
            "drop_invalid_header_fields": false,
            "enable_cross_zone_load_balancing": true,
            "enable_deletion_protection": false,
            "enable_http2": true,
            "enable_tls_version_and_cipher_suite_headers": false,
            "enable_waf_fail_open": false,
            "enable_xff_client_port": false,
            "enforce_security_group_inbound_rules_on_private_link_traffic": "",
            "id": "arn:aws:elasticloadbalancing:eu-west-2:058264358506:loadbalancer/app/private-lb/73d4f2097f89e183",
            "idle_timeout": 60,
            "internal": false,
            "ip_address_type": "ipv4",
            "load_balancer_type": "application",
            "name": "private-lb",
            "name_prefix": "",
            "preserve_host_header": false,
            "security_groups": [
              "sg-0012b62a35b3836cf",
              "sg-07e4849a556a7222a",
              "sg-0b9e2be61be134e2d",
              "sg-0c2b6f1bdaa4b9d72"
            ],
            "subnet_mapping": [
              {
                "allocation_id": "",
                "ipv6_address": "",
                "outpost_id": "",
                "private_ipv4_address": "",
                "subnet_id": "subnet-05fc8e4144673629c"
              },
              {
                "allocation_id": "",
                "ipv6_address": "",
                "outpost_id": "",
                "private_ipv4_address": "",
                "subnet_id": "subnet-0e0d44e69917a5205"
              },
              {
                "allocation_id": "",
                "ipv6_address": "",
                "outpost_id": "",
                "private_ipv4_address": "",
                "subnet_id": "subnet-0fb94f6ac8fe7e2bb"
              }
            ],
            "subnets": [
              "subnet-05fc8e4144673629c",
              "subnet-0e0d44e69917a5205",
              "subnet-0fb94f6ac8fe7e2bb"
            ],
            "tags": {},
            "tags_all": {},
            "timeouts": null,
            "vpc_id": "vpc-05202e524762399f2",
            "xff_header_processing_mode": "append",
            "zone_id": "ZHURV8PSTC4K8"
          },
          "sensitive_attributes": [],
          "private": "eyJlMmJmYjczMC1lY2FhLTExZTYtOGY4OC0zNDM2M2JjN2M0YzAiOnsiY3JlYXRlIjo2MDAwMDAwMDAwMDAsImRlbGV0ZSI6NjAwMDAwMDAwMDAwLCJ1cGRhdGUiOjYwMDAwMDAwMDAwMH19",
          "dependencies": [
            "module.security.aws_security_group.allow_3000",
            "module.security.aws_security_group.allow_http",
            "module.security.aws_security_group.allow_https",
            "module.security.aws_security_group.allow_ssh",
            "module.security.data.http.my_ip",
            "module.vpc.aws_subnet.private_subnets",
            "module.vpc.aws_vpc.johans-vpc"
          ]
        }
      ]
    },
    {
      "module": "module.load_balancer",
      "mode": "managed",
      "type": "aws_lb",
      "name": "public-lb",
      "provider": "provider[\"registry.terraform.io/hashicorp/aws\"]",
      "instances": [
        {
          "schema_version": 0,
          "attributes": {
            "access_logs": [
              {
                "bucket": "",
                "enabled": false,
                "prefix": ""
              }
            ],
            "arn": "arn:aws:elasticloadbalancing:eu-west-2:058264358506:loadbalancer/app/public-lb/87ff8b4e0bb2d305",
            "arn_suffix": "app/public-lb/87ff8b4e0bb2d305",
            "connection_logs": [
              {
                "bucket": "",
                "enabled": false,
                "prefix": ""
              }
            ],
            "customer_owned_ipv4_pool": "",
            "desync_mitigation_mode": "defensive",
            "dns_name": "public-lb-1127649014.eu-west-2.elb.amazonaws.com",
            "dns_record_client_routing_policy": null,
            "drop_invalid_header_fields": false,
            "enable_cross_zone_load_balancing": true,
            "enable_deletion_protection": false,
            "enable_http2": true,
            "enable_tls_version_and_cipher_suite_headers": false,
            "enable_waf_fail_open": false,
            "enable_xff_client_port": false,
            "enforce_security_group_inbound_rules_on_private_link_traffic": "",
            "id": "arn:aws:elasticloadbalancing:eu-west-2:058264358506:loadbalancer/app/public-lb/87ff8b4e0bb2d305",
            "idle_timeout": 60,
            "internal": false,
            "ip_address_type": "ipv4",
            "load_balancer_type": "application",
            "name": "public-lb",
            "name_prefix": "",
            "preserve_host_header": false,
            "security_groups": [
              "sg-0012b62a35b3836cf",
              "sg-07e4849a556a7222a",
              "sg-0b9e2be61be134e2d",
              "sg-0c2b6f1bdaa4b9d72"
            ],
            "subnet_mapping": [
              {
                "allocation_id": "",
                "ipv6_address": "",
                "outpost_id": "",
                "private_ipv4_address": "",
                "subnet_id": "subnet-0118d624f9193e554"
              },
              {
                "allocation_id": "",
                "ipv6_address": "",
                "outpost_id": "",
                "private_ipv4_address": "",
                "subnet_id": "subnet-06b6b6949e0d40c9d"
              },
              {
                "allocation_id": "",
                "ipv6_address": "",
                "outpost_id": "",
                "private_ipv4_address": "",
                "subnet_id": "subnet-070df21192f4adc88"
              }
            ],
            "subnets": [
              "subnet-0118d624f9193e554",
              "subnet-06b6b6949e0d40c9d",
              "subnet-070df21192f4adc88"
            ],
            "tags": {},
            "tags_all": {},
            "timeouts": null,
            "vpc_id": "vpc-05202e524762399f2",
            "xff_header_processing_mode": "append",
            "zone_id": "ZHURV8PSTC4K8"
          },
          "sensitive_attributes": [],
          "private": "eyJlMmJmYjczMC1lY2FhLTExZTYtOGY4OC0zNDM2M2JjN2M0YzAiOnsiY3JlYXRlIjo2MDAwMDAwMDAwMDAsImRlbGV0ZSI6NjAwMDAwMDAwMDAwLCJ1cGRhdGUiOjYwMDAwMDAwMDAwMH19",
          "dependencies": [
            "module.security.aws_security_group.allow_3000",
            "module.security.aws_security_group.allow_http",
            "module.security.aws_security_group.allow_https",
            "module.security.aws_security_group.allow_ssh",
            "module.security.data.http.my_ip",
            "module.vpc.aws_subnet.public_subnets",
            "module.vpc.aws_vpc.johans-vpc"
          ]
        }
      ]
    },
    {
      "module": "module.load_balancer",
      "mode": "managed",
      "type": "aws_lb_listener",
      "name": "private-listener",
      "provider": "provider[\"registry.terraform.io/hashicorp/aws\"]",
      "instances": [
        {
          "schema_version": 0,
          "attributes": {
            "alpn_policy": null,
            "arn": "arn:aws:elasticloadbalancing:eu-west-2:058264358506:listener/app/private-lb/73d4f2097f89e183/72c50734789bf658",
            "certificate_arn": null,
            "default_action": [
              {
                "authenticate_cognito": [],
                "authenticate_oidc": [],
                "fixed_response": [],
                "forward": [],
                "order": 1,
                "redirect": [],
                "target_group_arn": "arn:aws:elasticloadbalancing:eu-west-2:058264358506:targetgroup/private-lb-tg/fea045b81a27f49c",
                "type": "forward"
              }
            ],
            "id": "arn:aws:elasticloadbalancing:eu-west-2:058264358506:listener/app/private-lb/73d4f2097f89e183/72c50734789bf658",
            "load_balancer_arn": "arn:aws:elasticloadbalancing:eu-west-2:058264358506:loadbalancer/app/private-lb/73d4f2097f89e183",
            "mutual_authentication": [],
            "port": 80,
            "protocol": "HTTP",
            "ssl_policy": "",
            "tags": {},
            "tags_all": {},
            "timeouts": null
          },
          "sensitive_attributes": [],
          "private": "eyJlMmJmYjczMC1lY2FhLTExZTYtOGY4OC0zNDM2M2JjN2M0YzAiOnsiY3JlYXRlIjozMDAwMDAwMDAwMDAsInVwZGF0ZSI6MzAwMDAwMDAwMDAwfX0=",
          "dependencies": [
            "module.load_balancer.aws_lb.private-lb",
            "module.load_balancer.aws_lb_target_group.private_target_group",
            "module.security.aws_security_group.allow_3000",
            "module.security.aws_security_group.allow_http",
            "module.security.aws_security_group.allow_https",
            "module.security.aws_security_group.allow_ssh",
            "module.security.data.http.my_ip",
            "module.vpc.aws_subnet.private_subnets",
            "module.vpc.aws_vpc.johans-vpc"
          ]
        }
      ]
    },
    {
      "module": "module.load_balancer",
      "mode": "managed",
      "type": "aws_lb_listener",
      "name": "public-listener",
      "provider": "provider[\"registry.terraform.io/hashicorp/aws\"]",
      "instances": [
        {
          "schema_version": 0,
          "attributes": {
            "alpn_policy": null,
            "arn": "arn:aws:elasticloadbalancing:eu-west-2:058264358506:listener/app/public-lb/87ff8b4e0bb2d305/610ca58ee04505ff",
            "certificate_arn": null,
            "default_action": [
              {
                "authenticate_cognito": [],
                "authenticate_oidc": [],
                "fixed_response": [],
                "forward": [],
                "order": 1,
                "redirect": [],
                "target_group_arn": "arn:aws:elasticloadbalancing:eu-west-2:058264358506:targetgroup/public-lb-tg/3d23ae4383cc1226",
                "type": "forward"
              }
            ],
            "id": "arn:aws:elasticloadbalancing:eu-west-2:058264358506:listener/app/public-lb/87ff8b4e0bb2d305/610ca58ee04505ff",
            "load_balancer_arn": "arn:aws:elasticloadbalancing:eu-west-2:058264358506:loadbalancer/app/public-lb/87ff8b4e0bb2d305",
            "mutual_authentication": [],
            "port": 80,
            "protocol": "HTTP",
            "ssl_policy": "",
            "tags": {},
            "tags_all": {},
            "timeouts": null
          },
          "sensitive_attributes": [],
          "private": "eyJlMmJmYjczMC1lY2FhLTExZTYtOGY4OC0zNDM2M2JjN2M0YzAiOnsiY3JlYXRlIjozMDAwMDAwMDAwMDAsInVwZGF0ZSI6MzAwMDAwMDAwMDAwfX0=",
          "dependencies": [
            "module.load_balancer.aws_lb.public-lb",
            "module.load_balancer.aws_lb_target_group.public_target_group",
            "module.security.aws_security_group.allow_3000",
            "module.security.aws_security_group.allow_http",
            "module.security.aws_security_group.allow_https",
            "module.security.aws_security_group.allow_ssh",
            "module.security.data.http.my_ip",
            "module.vpc.aws_subnet.public_subnets",
            "module.vpc.aws_vpc.johans-vpc"
          ]
        }
      ]
    },
    {
      "module": "module.load_balancer",
      "mode": "managed",
      "type": "aws_lb_target_group",
      "name": "private_target_group",
      "provider": "provider[\"registry.terraform.io/hashicorp/aws\"]",
      "instances": [
        {
          "schema_version": 0,
          "attributes": {
            "arn": "arn:aws:elasticloadbalancing:eu-west-2:058264358506:targetgroup/private-lb-tg/fea045b81a27f49c",
            "arn_suffix": "targetgroup/private-lb-tg/fea045b81a27f49c",
            "connection_termination": null,
            "deregistration_delay": "300",
            "health_check": [
              {
                "enabled": true,
                "healthy_threshold": 3,
                "interval": 30,
                "matcher": "200",
                "path": "/health-check",
                "port": "traffic-port",
                "protocol": "HTTP",
                "timeout": 5,
                "unhealthy_threshold": 3
              }
            ],
            "id": "arn:aws:elasticloadbalancing:eu-west-2:058264358506:targetgroup/private-lb-tg/fea045b81a27f49c",
            "ip_address_type": "ipv4",
            "lambda_multi_value_headers_enabled": false,
            "load_balancer_arns": [
              "arn:aws:elasticloadbalancing:eu-west-2:058264358506:loadbalancer/app/private-lb/73d4f2097f89e183"
            ],
            "load_balancing_algorithm_type": "round_robin",
            "load_balancing_anomaly_mitigation": "off",
            "load_balancing_cross_zone_enabled": "use_load_balancer_configuration",
            "name": "private-lb-tg",
            "name_prefix": "",
            "port": 3000,
            "preserve_client_ip": null,
            "protocol": "HTTP",
            "protocol_version": "HTTP1",
            "proxy_protocol_v2": false,
            "slow_start": 0,
            "stickiness": [
              {
                "cookie_duration": 86400,
                "cookie_name": "",
                "enabled": false,
                "type": "lb_cookie"
              }
            ],
            "tags": {},
            "tags_all": {},
            "target_failover": [
              {
                "on_deregistration": null,
                "on_unhealthy": null
              }
            ],
            "target_health_state": [
              {
                "enable_unhealthy_connection_termination": null
              }
            ],
            "target_type": "instance",
            "vpc_id": "vpc-05202e524762399f2"
          },
          "sensitive_attributes": [],
          "private": "bnVsbA==",
          "dependencies": [
            "module.vpc.aws_vpc.johans-vpc"
          ]
        }
      ]
    },
    {
      "module": "module.load_balancer",
      "mode": "managed",
      "type": "aws_lb_target_group",
      "name": "public_target_group",
      "provider": "provider[\"registry.terraform.io/hashicorp/aws\"]",
      "instances": [
        {
          "schema_version": 0,
          "attributes": {
            "arn": "arn:aws:elasticloadbalancing:eu-west-2:058264358506:targetgroup/public-lb-tg/3d23ae4383cc1226",
            "arn_suffix": "targetgroup/public-lb-tg/3d23ae4383cc1226",
            "connection_termination": null,
            "deregistration_delay": "300",
            "health_check": [
              {
                "enabled": true,
                "healthy_threshold": 3,
                "interval": 30,
                "matcher": "200",
                "path": "/health-check",
                "port": "traffic-port",
                "protocol": "HTTP",
                "timeout": 5,
                "unhealthy_threshold": 3
              }
            ],
            "id": "arn:aws:elasticloadbalancing:eu-west-2:058264358506:targetgroup/public-lb-tg/3d23ae4383cc1226",
            "ip_address_type": "ipv4",
            "lambda_multi_value_headers_enabled": false,
            "load_balancer_arns": [
              "arn:aws:elasticloadbalancing:eu-west-2:058264358506:loadbalancer/app/public-lb/87ff8b4e0bb2d305"
            ],
            "load_balancing_algorithm_type": "round_robin",
            "load_balancing_anomaly_mitigation": "off",
            "load_balancing_cross_zone_enabled": "use_load_balancer_configuration",
            "name": "public-lb-tg",
            "name_prefix": "",
            "port": 3000,
            "preserve_client_ip": null,
            "protocol": "HTTP",
            "protocol_version": "HTTP1",
            "proxy_protocol_v2": false,
            "slow_start": 0,
            "stickiness": [
              {
                "cookie_duration": 86400,
                "cookie_name": "",
                "enabled": false,
                "type": "lb_cookie"
              }
            ],
            "tags": {},
            "tags_all": {},
            "target_failover": [
              {
                "on_deregistration": null,
                "on_unhealthy": null
              }
            ],
            "target_health_state": [
              {
                "enable_unhealthy_connection_termination": null
              }
            ],
            "target_type": "instance",
            "vpc_id": "vpc-05202e524762399f2"
          },
          "sensitive_attributes": [],
          "private": "bnVsbA==",
          "dependencies": [
            "module.vpc.aws_vpc.johans-vpc"
          ]
        }
      ]
    },
    {
      "module": "module.load_balancer",
      "mode": "managed",
      "type": "aws_lb_target_group_attachment",
      "name": "private",
      "provider": "provider[\"registry.terraform.io/hashicorp/aws\"]",
      "instances": [
        {
          "schema_version": 0,
          "attributes": {
            "availability_zone": null,
            "id": "arn:aws:elasticloadbalancing:eu-west-2:058264358506:targetgroup/private-lb-tg/fea045b81a27f49c-20240307123308818800000002",
            "port": 3000,
            "target_group_arn": "arn:aws:elasticloadbalancing:eu-west-2:058264358506:targetgroup/private-lb-tg/fea045b81a27f49c",
            "target_id": "i-083e2c947fef2a622"
          },
          "sensitive_attributes": [],
          "private": "bnVsbA==",
          "dependencies": [
            "module.instance.aws_instance.auth",
            "module.instance.data.aws_ami.ubuntu",
            "module.load_balancer.aws_lb_target_group.private_target_group",
            "module.security.aws_security_group.allow_3000",
            "module.security.aws_security_group.allow_http",
            "module.security.aws_security_group.allow_https",
            "module.security.aws_security_group.allow_ssh",
            "module.security.data.http.my_ip",
            "module.vpc.aws_subnet.private_subnets",
            "module.vpc.aws_vpc.johans-vpc"
          ]
        }
      ]
    },
    {
      "module": "module.load_balancer",
      "mode": "managed",
      "type": "aws_lb_target_group_attachment",
      "name": "public",
      "provider": "provider[\"registry.terraform.io/hashicorp/aws\"]",
      "instances": [
        {
          "schema_version": 0,
          "attributes": {
            "availability_zone": null,
            "id": "arn:aws:elasticloadbalancing:eu-west-2:058264358506:targetgroup/public-lb-tg/3d23ae4383cc1226-20240307123400920900000006",
            "port": 3000,
            "target_group_arn": "arn:aws:elasticloadbalancing:eu-west-2:058264358506:targetgroup/public-lb-tg/3d23ae4383cc1226",
            "target_id": "i-01c5ad8c6e1d863b6"
          },
          "sensitive_attributes": [],
          "private": "bnVsbA==",
          "dependencies": [
            "module.instance.aws_instance.status",
            "module.instance.data.aws_ami.ubuntu",
            "module.load_balancer.aws_lb_target_group.public_target_group",
            "module.security.aws_security_group.allow_3000",
            "module.security.aws_security_group.allow_http",
            "module.security.aws_security_group.allow_https",
            "module.security.aws_security_group.allow_ssh",
            "module.security.data.http.my_ip",
            "module.vpc.aws_subnet.public_subnets",
            "module.vpc.aws_vpc.johans-vpc"
          ]
        }
      ]
    },
    {
      "module": "module.security",
      "mode": "data",
      "type": "http",
      "name": "my_ip",
      "provider": "provider[\"registry.terraform.io/hashicorp/http\"]",
      "instances": [
        {
          "schema_version": 0,
          "attributes": {
            "body": "92.40.217.206",
            "ca_cert_pem": null,
            "id": "https://api.ipify.org?format=text",
            "insecure": null,
            "method": null,
            "request_body": null,
            "request_headers": null,
            "request_timeout_ms": null,
            "response_body": "92.40.217.206",
            "response_body_base64": "OTIuNDAuMjE3LjIwNg==",
            "response_headers": {
              "Cf-Cache-Status": "DYNAMIC",
              "Cf-Ray": "860a98f37ab77785-LHR",
              "Content-Length": "13",
              "Content-Type": "text/plain",
              "Date": "Thu, 07 Mar 2024 12:30:33 GMT",
              "Server": "cloudflare",
              "Vary": "Origin"
            },
            "retry": null,
            "status_code": 200,
            "url": "https://api.ipify.org?format=text"
          },
          "sensitive_attributes": []
        }
      ]
    },
    {
      "module": "module.security",
      "mode": "managed",
      "type": "aws_security_group",
      "name": "allow_3000",
      "provider": "provider[\"registry.terraform.io/hashicorp/aws\"]",
      "instances": [
        {
          "schema_version": 1,
          "attributes": {
            "arn": "arn:aws:ec2:eu-west-2:058264358506:security-group/sg-0c2b6f1bdaa4b9d72",
            "description": "Allow port 3000",
            "egress": [],
            "id": "sg-0c2b6f1bdaa4b9d72",
            "ingress": [
              {
                "cidr_blocks": [
                  "0.0.0.0/0"
                ],
                "description": "",
                "from_port": 3000,
                "ipv6_cidr_blocks": [],
                "prefix_list_ids": [],
                "protocol": "tcp",
                "security_groups": [],
                "self": false,
                "to_port": 3000
              }
            ],
            "name": "allow_3000",
            "name_prefix": "",
            "owner_id": "058264358506",
            "revoke_rules_on_delete": false,
            "tags": {},
            "tags_all": {},
            "timeouts": null,
            "vpc_id": "vpc-05202e524762399f2"
          },
          "sensitive_attributes": [],
          "private": "eyJlMmJmYjczMC1lY2FhLTExZTYtOGY4OC0zNDM2M2JjN2M0YzAiOnsiY3JlYXRlIjo2MDAwMDAwMDAwMDAsImRlbGV0ZSI6OTAwMDAwMDAwMDAwfSwic2NoZW1hX3ZlcnNpb24iOiIxIn0=",
          "dependencies": [
            "module.vpc.aws_vpc.johans-vpc"
          ]
        }
      ]
    },
    {
      "module": "module.security",
      "mode": "managed",
      "type": "aws_security_group",
      "name": "allow_http",
      "provider": "provider[\"registry.terraform.io/hashicorp/aws\"]",
      "instances": [
        {
          "schema_version": 1,
          "attributes": {
            "arn": "arn:aws:ec2:eu-west-2:058264358506:security-group/sg-0b9e2be61be134e2d",
            "description": "Allow inbound traffic",
            "egress": [
              {
                "cidr_blocks": [
                  "0.0.0.0/0"
                ],
                "description": "",
                "from_port": 80,
                "ipv6_cidr_blocks": [],
                "prefix_list_ids": [],
                "protocol": "tcp",
                "security_groups": [],
                "self": false,
                "to_port": 80
              }
            ],
            "id": "sg-0b9e2be61be134e2d",
            "ingress": [
              {
                "cidr_blocks": [
                  "0.0.0.0/0"
                ],
                "description": "",
                "from_port": 80,
                "ipv6_cidr_blocks": [],
                "prefix_list_ids": [],
                "protocol": "tcp",
                "security_groups": [],
                "self": false,
                "to_port": 80
              }
            ],
            "name": "allow_http",
            "name_prefix": "",
            "owner_id": "058264358506",
            "revoke_rules_on_delete": false,
            "tags": {},
            "tags_all": {},
            "timeouts": null,
            "vpc_id": "vpc-05202e524762399f2"
          },
          "sensitive_attributes": [],
          "private": "eyJlMmJmYjczMC1lY2FhLTExZTYtOGY4OC0zNDM2M2JjN2M0YzAiOnsiY3JlYXRlIjo2MDAwMDAwMDAwMDAsImRlbGV0ZSI6OTAwMDAwMDAwMDAwfSwic2NoZW1hX3ZlcnNpb24iOiIxIn0=",
          "dependencies": [
            "module.vpc.aws_vpc.johans-vpc"
          ]
        }
      ]
    },
    {
      "module": "module.security",
      "mode": "managed",
      "type": "aws_security_group",
      "name": "allow_https",
      "provider": "provider[\"registry.terraform.io/hashicorp/aws\"]",
      "instances": [
        {
          "schema_version": 1,
          "attributes": {
            "arn": "arn:aws:ec2:eu-west-2:058264358506:security-group/sg-0012b62a35b3836cf",
            "description": "Allow inbound traffic",
            "egress": [
              {
                "cidr_blocks": [
                  "0.0.0.0/0"
                ],
                "description": "",
                "from_port": 443,
                "ipv6_cidr_blocks": [],
                "prefix_list_ids": [],
                "protocol": "tcp",
                "security_groups": [],
                "self": false,
                "to_port": 443
              }
            ],
            "id": "sg-0012b62a35b3836cf",
            "ingress": [
              {
                "cidr_blocks": [
                  "0.0.0.0/0"
                ],
                "description": "",
                "from_port": 443,
                "ipv6_cidr_blocks": [],
                "prefix_list_ids": [],
                "protocol": "tcp",
                "security_groups": [],
                "self": false,
                "to_port": 443
              }
            ],
            "name": "allow_https",
            "name_prefix": "",
            "owner_id": "058264358506",
            "revoke_rules_on_delete": false,
            "tags": {},
            "tags_all": {},
            "timeouts": null,
            "vpc_id": "vpc-05202e524762399f2"
          },
          "sensitive_attributes": [],
          "private": "eyJlMmJmYjczMC1lY2FhLTExZTYtOGY4OC0zNDM2M2JjN2M0YzAiOnsiY3JlYXRlIjo2MDAwMDAwMDAwMDAsImRlbGV0ZSI6OTAwMDAwMDAwMDAwfSwic2NoZW1hX3ZlcnNpb24iOiIxIn0=",
          "dependencies": [
            "module.vpc.aws_vpc.johans-vpc"
          ]
        }
      ]
    },
    {
      "module": "module.security",
      "mode": "managed",
      "type": "aws_security_group",
      "name": "allow_ssh",
      "provider": "provider[\"registry.terraform.io/hashicorp/aws\"]",
      "instances": [
        {
          "schema_version": 1,
          "attributes": {
            "arn": "arn:aws:ec2:eu-west-2:058264358506:security-group/sg-07e4849a556a7222a",
            "description": "Allow inbound traffic",
            "egress": [
              {
                "cidr_blocks": [
                  "0.0.0.0/0"
                ],
                "description": "",
                "from_port": 0,
                "ipv6_cidr_blocks": [],
                "prefix_list_ids": [],
                "protocol": "-1",
                "security_groups": [],
                "self": false,
                "to_port": 0
              }
            ],
            "id": "sg-07e4849a556a7222a",
            "ingress": [
              {
                "cidr_blocks": [
                  "92.40.217.206/32",
                  "10.0.0.0/20"
                ],
                "description": "",
                "from_port": 22,
                "ipv6_cidr_blocks": [],
                "prefix_list_ids": [],
                "protocol": "tcp",
                "security_groups": [],
                "self": false,
                "to_port": 22
              }
            ],
            "name": "allow_ssh",
            "name_prefix": "",
            "owner_id": "058264358506",
            "revoke_rules_on_delete": false,
            "tags": {},
            "tags_all": {},
            "timeouts": null,
            "vpc_id": "vpc-05202e524762399f2"
          },
          "sensitive_attributes": [],
          "private": "eyJlMmJmYjczMC1lY2FhLTExZTYtOGY4OC0zNDM2M2JjN2M0YzAiOnsiY3JlYXRlIjo2MDAwMDAwMDAwMDAsImRlbGV0ZSI6OTAwMDAwMDAwMDAwfSwic2NoZW1hX3ZlcnNpb24iOiIxIn0=",
          "dependencies": [
            "module.security.data.http.my_ip",
            "module.vpc.aws_vpc.johans-vpc"
          ]
        }
      ]
    },
    {
      "module": "module.vpc",
      "mode": "managed",
      "type": "aws_eip",
      "name": "nat",
      "provider": "provider[\"registry.terraform.io/hashicorp/aws\"]",
      "instances": [
        {
          "schema_version": 0,
          "attributes": {
            "address": null,
            "allocation_id": "eipalloc-0871ad9c67a27cc86",
            "associate_with_private_ip": null,
            "association_id": "eipassoc-03c92e6c8df46b237",
            "carrier_ip": "",
            "customer_owned_ip": "",
            "customer_owned_ipv4_pool": "",
            "domain": "vpc",
            "id": "eipalloc-0871ad9c67a27cc86",
            "instance": "",
            "network_border_group": "eu-west-2",
            "network_interface": "eni-08fc3870cf07f4609",
            "private_dns": "ip-10-0-1-163.eu-west-2.compute.internal",
            "private_ip": "10.0.1.163",
            "public_dns": "ec2-13-42-196-216.eu-west-2.compute.amazonaws.com",
            "public_ip": "13.42.196.216",
            "public_ipv4_pool": "amazon",
            "tags": {},
            "tags_all": {},
            "timeouts": null,
            "vpc": true
          },
          "sensitive_attributes": [],
          "private": "eyJlMmJmYjczMC1lY2FhLTExZTYtOGY4OC0zNDM2M2JjN2M0YzAiOnsiZGVsZXRlIjoxODAwMDAwMDAwMDAsInJlYWQiOjkwMDAwMDAwMDAwMCwidXBkYXRlIjozMDAwMDAwMDAwMDB9fQ=="
        }
      ]
    },
    {
      "module": "module.vpc",
      "mode": "managed",
      "type": "aws_internet_gateway",
      "name": "igw",
      "provider": "provider[\"registry.terraform.io/hashicorp/aws\"]",
      "instances": [
        {
          "schema_version": 0,
          "attributes": {
            "arn": "arn:aws:ec2:eu-west-2:058264358506:internet-gateway/igw-05dcfa237700c2730",
            "id": "igw-05dcfa237700c2730",
            "owner_id": "058264358506",
            "tags": {},
            "tags_all": {},
            "timeouts": null,
            "vpc_id": "vpc-05202e524762399f2"
          },
          "sensitive_attributes": [],
          "private": "eyJlMmJmYjczMC1lY2FhLTExZTYtOGY4OC0zNDM2M2JjN2M0YzAiOnsiY3JlYXRlIjoxMjAwMDAwMDAwMDAwLCJkZWxldGUiOjEyMDAwMDAwMDAwMDAsInVwZGF0ZSI6MTIwMDAwMDAwMDAwMH19",
          "dependencies": [
            "module.vpc.aws_vpc.johans-vpc"
          ]
        }
      ]
    },
    {
      "module": "module.vpc",
      "mode": "managed",
      "type": "aws_nat_gateway",
      "name": "NAT",
      "provider": "provider[\"registry.terraform.io/hashicorp/aws\"]",
      "instances": [
        {
          "schema_version": 0,
          "attributes": {
            "allocation_id": "eipalloc-0871ad9c67a27cc86",
            "association_id": "eipassoc-03c92e6c8df46b237",
            "connectivity_type": "public",
            "id": "nat-06bd0e56bf386e4f5",
            "network_interface_id": "eni-08fc3870cf07f4609",
            "private_ip": "10.0.1.163",
            "public_ip": "13.42.196.216",
            "secondary_allocation_ids": [],
            "secondary_private_ip_address_count": 0,
            "secondary_private_ip_addresses": [],
            "subnet_id": "subnet-06b6b6949e0d40c9d",
            "tags": {
              "Name": "NAT"
            },
            "tags_all": {
              "Name": "NAT"
            },
            "timeouts": null
          },
          "sensitive_attributes": [],
          "private": "eyJlMmJmYjczMC1lY2FhLTExZTYtOGY4OC0zNDM2M2JjN2M0YzAiOnsiY3JlYXRlIjo2MDAwMDAwMDAwMDAsImRlbGV0ZSI6MTgwMDAwMDAwMDAwMCwidXBkYXRlIjo2MDAwMDAwMDAwMDB9fQ==",
          "dependencies": [
            "module.vpc.aws_eip.nat",
            "module.vpc.aws_subnet.public_subnets",
            "module.vpc.aws_vpc.johans-vpc"
          ]
        }
      ]
    },
    {
      "module": "module.vpc",
      "mode": "managed",
      "type": "aws_route",
      "name": "private_route",
      "provider": "provider[\"registry.terraform.io/hashicorp/aws\"]",
      "instances": [
        {
          "schema_version": 0,
          "attributes": {
            "carrier_gateway_id": "",
            "core_network_arn": "",
            "destination_cidr_block": "0.0.0.0/0",
            "destination_ipv6_cidr_block": "",
            "destination_prefix_list_id": "",
            "egress_only_gateway_id": "",
            "gateway_id": "",
            "id": "r-rtb-093eae572295020f91080289494",
            "instance_id": "",
            "instance_owner_id": "",
            "local_gateway_id": "",
            "nat_gateway_id": "nat-06bd0e56bf386e4f5",
            "network_interface_id": "",
            "origin": "CreateRoute",
            "route_table_id": "rtb-093eae572295020f9",
            "state": "active",
            "timeouts": null,
            "transit_gateway_id": "",
            "vpc_endpoint_id": "",
            "vpc_peering_connection_id": ""
          },
          "sensitive_attributes": [],
          "private": "eyJlMmJmYjczMC1lY2FhLTExZTYtOGY4OC0zNDM2M2JjN2M0YzAiOnsiY3JlYXRlIjozMDAwMDAwMDAwMDAsImRlbGV0ZSI6MzAwMDAwMDAwMDAwLCJ1cGRhdGUiOjEyMDAwMDAwMDAwMH19",
          "dependencies": [
            "module.vpc.aws_eip.nat",
            "module.vpc.aws_nat_gateway.NAT",
            "module.vpc.aws_route_table.private_route_table",
            "module.vpc.aws_subnet.public_subnets",
            "module.vpc.aws_vpc.johans-vpc"
          ]
        }
      ]
    },
    {
      "module": "module.vpc",
      "mode": "managed",
      "type": "aws_route_table",
      "name": "private_route_table",
      "provider": "provider[\"registry.terraform.io/hashicorp/aws\"]",
      "instances": [
        {
          "schema_version": 0,
          "attributes": {
            "arn": "arn:aws:ec2:eu-west-2:058264358506:route-table/rtb-093eae572295020f9",
            "id": "rtb-093eae572295020f9",
            "owner_id": "058264358506",
            "propagating_vgws": [],
            "route": [
              {
                "carrier_gateway_id": "",
                "cidr_block": "0.0.0.0/0",
                "core_network_arn": "",
                "destination_prefix_list_id": "",
                "egress_only_gateway_id": "",
                "gateway_id": "",
                "ipv6_cidr_block": "",
                "local_gateway_id": "",
                "nat_gateway_id": "nat-06bd0e56bf386e4f5",
                "network_interface_id": "",
                "transit_gateway_id": "",
                "vpc_endpoint_id": "",
                "vpc_peering_connection_id": ""
              }
            ],
            "tags": {},
            "tags_all": {},
            "timeouts": null,
            "vpc_id": "vpc-05202e524762399f2"
          },
          "sensitive_attributes": [],
          "private": "eyJlMmJmYjczMC1lY2FhLTExZTYtOGY4OC0zNDM2M2JjN2M0YzAiOnsiY3JlYXRlIjozMDAwMDAwMDAwMDAsImRlbGV0ZSI6MzAwMDAwMDAwMDAwLCJ1cGRhdGUiOjEyMDAwMDAwMDAwMH19",
          "dependencies": [
            "module.vpc.aws_vpc.johans-vpc"
          ]
        }
      ]
    },
    {
      "module": "module.vpc",
      "mode": "managed",
      "type": "aws_route_table",
      "name": "public",
      "provider": "provider[\"registry.terraform.io/hashicorp/aws\"]",
      "instances": [
        {
          "schema_version": 0,
          "attributes": {
            "arn": "arn:aws:ec2:eu-west-2:058264358506:route-table/rtb-0831283dcad40dba7",
            "id": "rtb-0831283dcad40dba7",
            "owner_id": "058264358506",
            "propagating_vgws": [],
            "route": [
              {
                "carrier_gateway_id": "",
                "cidr_block": "0.0.0.0/0",
                "core_network_arn": "",
                "destination_prefix_list_id": "",
                "egress_only_gateway_id": "",
                "gateway_id": "igw-05dcfa237700c2730",
                "ipv6_cidr_block": "",
                "local_gateway_id": "",
                "nat_gateway_id": "",
                "network_interface_id": "",
                "transit_gateway_id": "",
                "vpc_endpoint_id": "",
                "vpc_peering_connection_id": ""
              }
            ],
            "tags": {},
            "tags_all": {},
            "timeouts": null,
            "vpc_id": "vpc-05202e524762399f2"
          },
          "sensitive_attributes": [],
          "private": "eyJlMmJmYjczMC1lY2FhLTExZTYtOGY4OC0zNDM2M2JjN2M0YzAiOnsiY3JlYXRlIjozMDAwMDAwMDAwMDAsImRlbGV0ZSI6MzAwMDAwMDAwMDAwLCJ1cGRhdGUiOjEyMDAwMDAwMDAwMH19",
          "dependencies": [
            "module.vpc.aws_internet_gateway.igw",
            "module.vpc.aws_vpc.johans-vpc"
          ]
        }
      ]
    },
    {
      "module": "module.vpc",
      "mode": "managed",
      "type": "aws_route_table_association",
      "name": "private_route_table_association",
      "provider": "provider[\"registry.terraform.io/hashicorp/aws\"]",
      "instances": [
        {
          "schema_version": 0,
          "attributes": {
            "gateway_id": "",
            "id": "rtbassoc-04b1fca533de208dd",
            "route_table_id": "rtb-093eae572295020f9",
            "subnet_id": "subnet-0e0d44e69917a5205",
            "timeouts": null
          },
          "sensitive_attributes": [],
          "private": "eyJlMmJmYjczMC1lY2FhLTExZTYtOGY4OC0zNDM2M2JjN2M0YzAiOnsiY3JlYXRlIjozMDAwMDAwMDAwMDAsImRlbGV0ZSI6MzAwMDAwMDAwMDAwLCJ1cGRhdGUiOjEyMDAwMDAwMDAwMH19",
          "dependencies": [
            "module.vpc.aws_route_table.private_route_table",
            "module.vpc.aws_subnet.private_subnets",
            "module.vpc.aws_vpc.johans-vpc"
          ]
        }
      ]
    },
    {
      "module": "module.vpc",
      "mode": "managed",
      "type": "aws_route_table_association",
      "name": "public_routes",
      "provider": "provider[\"registry.terraform.io/hashicorp/aws\"]",
      "instances": [
        {
          "index_key": 0,
          "schema_version": 0,
          "attributes": {
            "gateway_id": "",
            "id": "rtbassoc-0cac4ab093cfb9287",
            "route_table_id": "rtb-0831283dcad40dba7",
            "subnet_id": "subnet-070df21192f4adc88",
            "timeouts": null
          },
          "sensitive_attributes": [],
          "private": "eyJlMmJmYjczMC1lY2FhLTExZTYtOGY4OC0zNDM2M2JjN2M0YzAiOnsiY3JlYXRlIjozMDAwMDAwMDAwMDAsImRlbGV0ZSI6MzAwMDAwMDAwMDAwLCJ1cGRhdGUiOjEyMDAwMDAwMDAwMH19",
          "dependencies": [
            "module.vpc.aws_internet_gateway.igw",
            "module.vpc.aws_route_table.public",
            "module.vpc.aws_subnet.public_subnets",
            "module.vpc.aws_vpc.johans-vpc"
          ]
        },
        {
          "index_key": 1,
          "schema_version": 0,
          "attributes": {
            "gateway_id": "",
            "id": "rtbassoc-0ce41bbd6a2b763a5",
            "route_table_id": "rtb-0831283dcad40dba7",
            "subnet_id": "subnet-06b6b6949e0d40c9d",
            "timeouts": null
          },
          "sensitive_attributes": [],
          "private": "eyJlMmJmYjczMC1lY2FhLTExZTYtOGY4OC0zNDM2M2JjN2M0YzAiOnsiY3JlYXRlIjozMDAwMDAwMDAwMDAsImRlbGV0ZSI6MzAwMDAwMDAwMDAwLCJ1cGRhdGUiOjEyMDAwMDAwMDAwMH19",
          "dependencies": [
            "module.vpc.aws_internet_gateway.igw",
            "module.vpc.aws_route_table.public",
            "module.vpc.aws_subnet.public_subnets",
            "module.vpc.aws_vpc.johans-vpc"
          ]
        },
        {
          "index_key": 2,
          "schema_version": 0,
          "attributes": {
            "gateway_id": "",
            "id": "rtbassoc-0830c48f6fb4d318d",
            "route_table_id": "rtb-0831283dcad40dba7",
            "subnet_id": "subnet-0118d624f9193e554",
            "timeouts": null
          },
          "sensitive_attributes": [],
          "private": "eyJlMmJmYjczMC1lY2FhLTExZTYtOGY4OC0zNDM2M2JjN2M0YzAiOnsiY3JlYXRlIjozMDAwMDAwMDAwMDAsImRlbGV0ZSI6MzAwMDAwMDAwMDAwLCJ1cGRhdGUiOjEyMDAwMDAwMDAwMH19",
          "dependencies": [
            "module.vpc.aws_internet_gateway.igw",
            "module.vpc.aws_route_table.public",
            "module.vpc.aws_subnet.public_subnets",
            "module.vpc.aws_vpc.johans-vpc"
          ]
        }
      ]
    },
    {
      "module": "module.vpc",
      "mode": "managed",
      "type": "aws_subnet",
      "name": "private_subnets",
      "provider": "provider[\"registry.terraform.io/hashicorp/aws\"]",
      "instances": [
        {
          "index_key": 0,
          "schema_version": 1,
          "attributes": {
            "arn": "arn:aws:ec2:eu-west-2:058264358506:subnet/subnet-0e0d44e69917a5205",
            "assign_ipv6_address_on_creation": false,
            "availability_zone": "eu-west-2a",
            "availability_zone_id": "euw2-az2",
            "cidr_block": "10.0.8.0/24",
            "customer_owned_ipv4_pool": "",
            "enable_dns64": false,
            "enable_lni_at_device_index": 0,
            "enable_resource_name_dns_a_record_on_launch": false,
            "enable_resource_name_dns_aaaa_record_on_launch": false,
            "id": "subnet-0e0d44e69917a5205",
            "ipv6_cidr_block": "",
            "ipv6_cidr_block_association_id": "",
            "ipv6_native": false,
            "map_customer_owned_ip_on_launch": false,
            "map_public_ip_on_launch": false,
            "outpost_arn": "",
            "owner_id": "058264358506",
            "private_dns_hostname_type_on_launch": "ip-name",
            "tags": {
              "Name": "private0"
            },
            "tags_all": {
              "Name": "private0"
            },
            "timeouts": null,
            "vpc_id": "vpc-05202e524762399f2"
          },
          "sensitive_attributes": [],
          "private": "eyJlMmJmYjczMC1lY2FhLTExZTYtOGY4OC0zNDM2M2JjN2M0YzAiOnsiY3JlYXRlIjo2MDAwMDAwMDAwMDAsImRlbGV0ZSI6MTIwMDAwMDAwMDAwMH0sInNjaGVtYV92ZXJzaW9uIjoiMSJ9",
          "dependencies": [
            "module.vpc.aws_vpc.johans-vpc"
          ]
        },
        {
          "index_key": 1,
          "schema_version": 1,
          "attributes": {
            "arn": "arn:aws:ec2:eu-west-2:058264358506:subnet/subnet-0fb94f6ac8fe7e2bb",
            "assign_ipv6_address_on_creation": false,
            "availability_zone": "eu-west-2b",
            "availability_zone_id": "euw2-az3",
            "cidr_block": "10.0.9.0/24",
            "customer_owned_ipv4_pool": "",
            "enable_dns64": false,
            "enable_lni_at_device_index": 0,
            "enable_resource_name_dns_a_record_on_launch": false,
            "enable_resource_name_dns_aaaa_record_on_launch": false,
            "id": "subnet-0fb94f6ac8fe7e2bb",
            "ipv6_cidr_block": "",
            "ipv6_cidr_block_association_id": "",
            "ipv6_native": false,
            "map_customer_owned_ip_on_launch": false,
            "map_public_ip_on_launch": false,
            "outpost_arn": "",
            "owner_id": "058264358506",
            "private_dns_hostname_type_on_launch": "ip-name",
            "tags": {
              "Name": "private1"
            },
            "tags_all": {
              "Name": "private1"
            },
            "timeouts": null,
            "vpc_id": "vpc-05202e524762399f2"
          },
          "sensitive_attributes": [],
          "private": "eyJlMmJmYjczMC1lY2FhLTExZTYtOGY4OC0zNDM2M2JjN2M0YzAiOnsiY3JlYXRlIjo2MDAwMDAwMDAwMDAsImRlbGV0ZSI6MTIwMDAwMDAwMDAwMH0sInNjaGVtYV92ZXJzaW9uIjoiMSJ9",
          "dependencies": [
            "module.vpc.aws_vpc.johans-vpc"
          ]
        },
        {
          "index_key": 2,
          "schema_version": 1,
          "attributes": {
            "arn": "arn:aws:ec2:eu-west-2:058264358506:subnet/subnet-05fc8e4144673629c",
            "assign_ipv6_address_on_creation": false,
            "availability_zone": "eu-west-2c",
            "availability_zone_id": "euw2-az1",
            "cidr_block": "10.0.10.0/24",
            "customer_owned_ipv4_pool": "",
            "enable_dns64": false,
            "enable_lni_at_device_index": 0,
            "enable_resource_name_dns_a_record_on_launch": false,
            "enable_resource_name_dns_aaaa_record_on_launch": false,
            "id": "subnet-05fc8e4144673629c",
            "ipv6_cidr_block": "",
            "ipv6_cidr_block_association_id": "",
            "ipv6_native": false,
            "map_customer_owned_ip_on_launch": false,
            "map_public_ip_on_launch": false,
            "outpost_arn": "",
            "owner_id": "058264358506",
            "private_dns_hostname_type_on_launch": "ip-name",
            "tags": {
              "Name": "private2"
            },
            "tags_all": {
              "Name": "private2"
            },
            "timeouts": null,
            "vpc_id": "vpc-05202e524762399f2"
          },
          "sensitive_attributes": [],
          "private": "eyJlMmJmYjczMC1lY2FhLTExZTYtOGY4OC0zNDM2M2JjN2M0YzAiOnsiY3JlYXRlIjo2MDAwMDAwMDAwMDAsImRlbGV0ZSI6MTIwMDAwMDAwMDAwMH0sInNjaGVtYV92ZXJzaW9uIjoiMSJ9",
          "dependencies": [
            "module.vpc.aws_vpc.johans-vpc"
          ]
        }
      ]
    },
    {
      "module": "module.vpc",
      "mode": "managed",
      "type": "aws_subnet",
      "name": "public_subnets",
      "provider": "provider[\"registry.terraform.io/hashicorp/aws\"]",
      "instances": [
        {
          "index_key": 0,
          "schema_version": 1,
          "attributes": {
            "arn": "arn:aws:ec2:eu-west-2:058264358506:subnet/subnet-070df21192f4adc88",
            "assign_ipv6_address_on_creation": false,
            "availability_zone": "eu-west-2a",
            "availability_zone_id": "euw2-az2",
            "cidr_block": "10.0.0.0/24",
            "customer_owned_ipv4_pool": "",
            "enable_dns64": false,
            "enable_lni_at_device_index": 0,
            "enable_resource_name_dns_a_record_on_launch": false,
            "enable_resource_name_dns_aaaa_record_on_launch": false,
            "id": "subnet-070df21192f4adc88",
            "ipv6_cidr_block": "",
            "ipv6_cidr_block_association_id": "",
            "ipv6_native": false,
            "map_customer_owned_ip_on_launch": false,
            "map_public_ip_on_launch": true,
            "outpost_arn": "",
            "owner_id": "058264358506",
            "private_dns_hostname_type_on_launch": "ip-name",
            "tags": {
              "Name": "public0"
            },
            "tags_all": {
              "Name": "public0"
            },
            "timeouts": null,
            "vpc_id": "vpc-05202e524762399f2"
          },
          "sensitive_attributes": [],
          "private": "eyJlMmJmYjczMC1lY2FhLTExZTYtOGY4OC0zNDM2M2JjN2M0YzAiOnsiY3JlYXRlIjo2MDAwMDAwMDAwMDAsImRlbGV0ZSI6MTIwMDAwMDAwMDAwMH0sInNjaGVtYV92ZXJzaW9uIjoiMSJ9",
          "dependencies": [
            "module.vpc.aws_vpc.johans-vpc"
          ]
        },
        {
          "index_key": 1,
          "schema_version": 1,
          "attributes": {
            "arn": "arn:aws:ec2:eu-west-2:058264358506:subnet/subnet-06b6b6949e0d40c9d",
            "assign_ipv6_address_on_creation": false,
            "availability_zone": "eu-west-2b",
            "availability_zone_id": "euw2-az3",
            "cidr_block": "10.0.1.0/24",
            "customer_owned_ipv4_pool": "",
            "enable_dns64": false,
            "enable_lni_at_device_index": 0,
            "enable_resource_name_dns_a_record_on_launch": false,
            "enable_resource_name_dns_aaaa_record_on_launch": false,
            "id": "subnet-06b6b6949e0d40c9d",
            "ipv6_cidr_block": "",
            "ipv6_cidr_block_association_id": "",
            "ipv6_native": false,
            "map_customer_owned_ip_on_launch": false,
            "map_public_ip_on_launch": true,
            "outpost_arn": "",
            "owner_id": "058264358506",
            "private_dns_hostname_type_on_launch": "ip-name",
            "tags": {
              "Name": "public1"
            },
            "tags_all": {
              "Name": "public1"
            },
            "timeouts": null,
            "vpc_id": "vpc-05202e524762399f2"
          },
          "sensitive_attributes": [],
          "private": "eyJlMmJmYjczMC1lY2FhLTExZTYtOGY4OC0zNDM2M2JjN2M0YzAiOnsiY3JlYXRlIjo2MDAwMDAwMDAwMDAsImRlbGV0ZSI6MTIwMDAwMDAwMDAwMH0sInNjaGVtYV92ZXJzaW9uIjoiMSJ9",
          "dependencies": [
            "module.vpc.aws_vpc.johans-vpc"
          ]
        },
        {
          "index_key": 2,
          "schema_version": 1,
          "attributes": {
            "arn": "arn:aws:ec2:eu-west-2:058264358506:subnet/subnet-0118d624f9193e554",
            "assign_ipv6_address_on_creation": false,
            "availability_zone": "eu-west-2c",
            "availability_zone_id": "euw2-az1",
            "cidr_block": "10.0.2.0/24",
            "customer_owned_ipv4_pool": "",
            "enable_dns64": false,
            "enable_lni_at_device_index": 0,
            "enable_resource_name_dns_a_record_on_launch": false,
            "enable_resource_name_dns_aaaa_record_on_launch": false,
            "id": "subnet-0118d624f9193e554",
            "ipv6_cidr_block": "",
            "ipv6_cidr_block_association_id": "",
            "ipv6_native": false,
            "map_customer_owned_ip_on_launch": false,
            "map_public_ip_on_launch": true,
            "outpost_arn": "",
            "owner_id": "058264358506",
            "private_dns_hostname_type_on_launch": "ip-name",
            "tags": {
              "Name": "public2"
            },
            "tags_all": {
              "Name": "public2"
            },
            "timeouts": null,
            "vpc_id": "vpc-05202e524762399f2"
          },
          "sensitive_attributes": [],
          "private": "eyJlMmJmYjczMC1lY2FhLTExZTYtOGY4OC0zNDM2M2JjN2M0YzAiOnsiY3JlYXRlIjo2MDAwMDAwMDAwMDAsImRlbGV0ZSI6MTIwMDAwMDAwMDAwMH0sInNjaGVtYV92ZXJzaW9uIjoiMSJ9",
          "dependencies": [
            "module.vpc.aws_vpc.johans-vpc"
          ]
        }
      ]
    },
    {
      "module": "module.vpc",
      "mode": "managed",
      "type": "aws_vpc",
      "name": "johans-vpc",
      "provider": "provider[\"registry.terraform.io/hashicorp/aws\"]",
      "instances": [
        {
          "schema_version": 1,
          "attributes": {
            "arn": "arn:aws:ec2:eu-west-2:058264358506:vpc/vpc-05202e524762399f2",
            "assign_generated_ipv6_cidr_block": false,
            "cidr_block": "10.0.0.0/20",
            "default_network_acl_id": "acl-0abbdfc68ea5d99fd",
            "default_route_table_id": "rtb-0ea37efe53141a202",
            "default_security_group_id": "sg-0fb76f4a63f20aefb",
            "dhcp_options_id": "dopt-06feed11202d37527",
            "enable_dns_hostnames": false,
            "enable_dns_support": true,
            "enable_network_address_usage_metrics": false,
            "id": "vpc-05202e524762399f2",
            "instance_tenancy": "default",
            "ipv4_ipam_pool_id": null,
            "ipv4_netmask_length": null,
            "ipv6_association_id": "",
            "ipv6_cidr_block": "",
            "ipv6_cidr_block_network_border_group": "",
            "ipv6_ipam_pool_id": "",
            "ipv6_netmask_length": 0,
            "main_route_table_id": "rtb-0ea37efe53141a202",
            "owner_id": "058264358506",
            "tags": {},
            "tags_all": {}
          },
          "sensitive_attributes": [],
          "private": "eyJzY2hlbWFfdmVyc2lvbiI6IjEifQ=="
        }
      ]
    }
  ],
  "check_results": null
}
